// !$*UTF8*$!
{
	archiveVersion = 1;
	classes = {
	};
	objectVersion = 46;
	objects = {

/* Begin PBXBuildFile section */
		2044D7611EB14F26002AB803 /* GoogleService-Info.plist in Resources */ = {isa = PBXBuildFile; fileRef = 2044D7601EB14F26002AB803 /* GoogleService-Info.plist */; };
		23BA99FF7269C05C70C2274A /* Pods_iOS_PartyPlanner.framework in Frameworks */ = {isa = PBXBuildFile; fileRef = BA8DCCBDCBEA68C30D6893BC /* Pods_iOS_PartyPlanner.framework */; };
		821B65BE1EAFF1C60078333B /* HomeViewController.swift in Sources */ = {isa = PBXBuildFile; fileRef = 821B65BD1EAFF1C60078333B /* HomeViewController.swift */; };
		821B65C01EAFF1D60078333B /* TasksViewController.swift in Sources */ = {isa = PBXBuildFile; fileRef = 821B65BF1EAFF1D60078333B /* TasksViewController.swift */; };
		821B65C21EAFF1E90078333B /* MaterialViewController.swift in Sources */ = {isa = PBXBuildFile; fileRef = 821B65C11EAFF1E90078333B /* MaterialViewController.swift */; };
		821B65C51EB007230078333B /* VideoView.swift in Sources */ = {isa = PBXBuildFile; fileRef = 821B65C41EB007230078333B /* VideoView.swift */; };
		821B65CA1EB00FE20078333B /* EventSummaryTableViewCell.swift in Sources */ = {isa = PBXBuildFile; fileRef = 821B65C91EB00FE20078333B /* EventSummaryTableViewCell.swift */; };
		821B65CC1EB011070078333B /* User.swift in Sources */ = {isa = PBXBuildFile; fileRef = 821B65CB1EB011070078333B /* User.swift */; };
		821B65CE1EB011160078333B /* Event.swift in Sources */ = {isa = PBXBuildFile; fileRef = 821B65CD1EB011160078333B /* Event.swift */; };
		821B65D01EB011290078333B /* Task.swift in Sources */ = {isa = PBXBuildFile; fileRef = 821B65CF1EB011290078333B /* Task.swift */; };
		821B65D21EB011410078333B /* RSVP.swift in Sources */ = {isa = PBXBuildFile; fileRef = 821B65D11EB011410078333B /* RSVP.swift */; };
		821B65D41EB0115C0078333B /* Item.swift in Sources */ = {isa = PBXBuildFile; fileRef = 821B65D31EB0115C0078333B /* Item.swift */; };
		821B65D61EB03FCB0078333B /* GuestPickupView.swift in Sources */ = {isa = PBXBuildFile; fileRef = 821B65D51EB03FCB0078333B /* GuestPickupView.swift */; };
		821B65D81EB0400C0078333B /* EventTableViewCell.swift in Sources */ = {isa = PBXBuildFile; fileRef = 821B65D71EB0400C0078333B /* EventTableViewCell.swift */; };
		821B65DA1EB0403A0078333B /* EventMediaCollectionTableViewCell.swift in Sources */ = {isa = PBXBuildFile; fileRef = 821B65D91EB0403A0078333B /* EventMediaCollectionTableViewCell.swift */; };
		821B65DC1EB040500078333B /* EventGuestsTableViewCell.swift in Sources */ = {isa = PBXBuildFile; fileRef = 821B65DB1EB040500078333B /* EventGuestsTableViewCell.swift */; };
		821B65DE1EB040B30078333B /* RSVPViewController.swift in Sources */ = {isa = PBXBuildFile; fileRef = 821B65DD1EB040B30078333B /* RSVPViewController.swift */; };
		821B65E21EB04ABD0078333B /* EventViewController.swift in Sources */ = {isa = PBXBuildFile; fileRef = 821B65E11EB04ABD0078333B /* EventViewController.swift */; };
		821B65E41EB04B1C0078333B /* LoginViewController.swift in Sources */ = {isa = PBXBuildFile; fileRef = 821B65E31EB04B1C0078333B /* LoginViewController.swift */; };
		821B65E61EB04C7E0078333B /* APIClient.swift in Sources */ = {isa = PBXBuildFile; fileRef = 821B65E51EB04C7E0078333B /* APIClient.swift */; };
		821B65E91EB053B30078333B /* AVKit.framework in Frameworks */ = {isa = PBXBuildFile; fileRef = 821B65E81EB053B30078333B /* AVKit.framework */; };
		821B65EB1EB053BB0078333B /* AVFoundation.framework in Frameworks */ = {isa = PBXBuildFile; fileRef = 821B65EA1EB053BB0078333B /* AVFoundation.framework */; };
		A1470F371EAF20C600DE373A /* AppDelegate.swift in Sources */ = {isa = PBXBuildFile; fileRef = A1470F361EAF20C600DE373A /* AppDelegate.swift */; };
		A1470F3C1EAF20C600DE373A /* Main.storyboard in Resources */ = {isa = PBXBuildFile; fileRef = A1470F3A1EAF20C600DE373A /* Main.storyboard */; };
		A1470F3E1EAF20C600DE373A /* Assets.xcassets in Resources */ = {isa = PBXBuildFile; fileRef = A1470F3D1EAF20C600DE373A /* Assets.xcassets */; };
		A1470F411EAF20C600DE373A /* LaunchScreen.storyboard in Resources */ = {isa = PBXBuildFile; fileRef = A1470F3F1EAF20C600DE373A /* LaunchScreen.storyboard */; };
		A1470F6D1EB17AA600DE373A /* Comment.swift in Sources */ = {isa = PBXBuildFile; fileRef = A1470F6C1EB17AA600DE373A /* Comment.swift */; };
/* End PBXBuildFile section */

/* Begin PBXFileReference section */
		2044D75C1EB13E7C002AB803 /* iOS-PartyPlanner-Bridging-Header.h */ = {isa = PBXFileReference; lastKnownFileType = sourcecode.c.h; path = "iOS-PartyPlanner-Bridging-Header.h"; sourceTree = "<group>"; };
		2044D75F1EB145FC002AB803 /* iOS-PartyPlanner.entitlements */ = {isa = PBXFileReference; lastKnownFileType = text.plist.entitlements; path = "iOS-PartyPlanner.entitlements"; sourceTree = "<group>"; };
		2044D7601EB14F26002AB803 /* GoogleService-Info.plist */ = {isa = PBXFileReference; fileEncoding = 4; lastKnownFileType = text.plist.xml; path = "GoogleService-Info.plist"; sourceTree = "<group>"; };
		821B65BD1EAFF1C60078333B /* HomeViewController.swift */ = {isa = PBXFileReference; fileEncoding = 4; lastKnownFileType = sourcecode.swift; path = HomeViewController.swift; sourceTree = "<group>"; };
		821B65BF1EAFF1D60078333B /* TasksViewController.swift */ = {isa = PBXFileReference; fileEncoding = 4; lastKnownFileType = sourcecode.swift; path = TasksViewController.swift; sourceTree = "<group>"; };
		821B65C11EAFF1E90078333B /* MaterialViewController.swift */ = {isa = PBXFileReference; fileEncoding = 4; lastKnownFileType = sourcecode.swift; path = MaterialViewController.swift; sourceTree = "<group>"; };
		821B65C41EB007230078333B /* VideoView.swift */ = {isa = PBXFileReference; fileEncoding = 4; lastKnownFileType = sourcecode.swift; path = VideoView.swift; sourceTree = "<group>"; };
		821B65C91EB00FE20078333B /* EventSummaryTableViewCell.swift */ = {isa = PBXFileReference; fileEncoding = 4; lastKnownFileType = sourcecode.swift; path = EventSummaryTableViewCell.swift; sourceTree = "<group>"; };
		821B65CB1EB011070078333B /* User.swift */ = {isa = PBXFileReference; fileEncoding = 4; lastKnownFileType = sourcecode.swift; path = User.swift; sourceTree = "<group>"; };
		821B65CD1EB011160078333B /* Event.swift */ = {isa = PBXFileReference; fileEncoding = 4; lastKnownFileType = sourcecode.swift; path = Event.swift; sourceTree = "<group>"; };
		821B65CF1EB011290078333B /* Task.swift */ = {isa = PBXFileReference; fileEncoding = 4; lastKnownFileType = sourcecode.swift; path = Task.swift; sourceTree = "<group>"; };
		821B65D11EB011410078333B /* RSVP.swift */ = {isa = PBXFileReference; fileEncoding = 4; lastKnownFileType = sourcecode.swift; path = RSVP.swift; sourceTree = "<group>"; };
		821B65D31EB0115C0078333B /* Item.swift */ = {isa = PBXFileReference; fileEncoding = 4; lastKnownFileType = sourcecode.swift; path = Item.swift; sourceTree = "<group>"; };
		821B65D51EB03FCB0078333B /* GuestPickupView.swift */ = {isa = PBXFileReference; fileEncoding = 4; lastKnownFileType = sourcecode.swift; path = GuestPickupView.swift; sourceTree = "<group>"; };
		821B65D71EB0400C0078333B /* EventTableViewCell.swift */ = {isa = PBXFileReference; fileEncoding = 4; lastKnownFileType = sourcecode.swift; path = EventTableViewCell.swift; sourceTree = "<group>"; };
		821B65D91EB0403A0078333B /* EventMediaCollectionTableViewCell.swift */ = {isa = PBXFileReference; fileEncoding = 4; lastKnownFileType = sourcecode.swift; path = EventMediaCollectionTableViewCell.swift; sourceTree = "<group>"; };
		821B65DB1EB040500078333B /* EventGuestsTableViewCell.swift */ = {isa = PBXFileReference; fileEncoding = 4; lastKnownFileType = sourcecode.swift; path = EventGuestsTableViewCell.swift; sourceTree = "<group>"; };
		821B65DD1EB040B30078333B /* RSVPViewController.swift */ = {isa = PBXFileReference; fileEncoding = 4; lastKnownFileType = sourcecode.swift; path = RSVPViewController.swift; sourceTree = "<group>"; };
		821B65E11EB04ABD0078333B /* EventViewController.swift */ = {isa = PBXFileReference; fileEncoding = 4; lastKnownFileType = sourcecode.swift; path = EventViewController.swift; sourceTree = "<group>"; };
		821B65E31EB04B1C0078333B /* LoginViewController.swift */ = {isa = PBXFileReference; fileEncoding = 4; lastKnownFileType = sourcecode.swift; path = LoginViewController.swift; sourceTree = "<group>"; };
		821B65E51EB04C7E0078333B /* APIClient.swift */ = {isa = PBXFileReference; fileEncoding = 4; lastKnownFileType = sourcecode.swift; path = APIClient.swift; sourceTree = "<group>"; };
		821B65E81EB053B30078333B /* AVKit.framework */ = {isa = PBXFileReference; lastKnownFileType = wrapper.framework; name = AVKit.framework; path = System/Library/Frameworks/AVKit.framework; sourceTree = SDKROOT; };
		821B65EA1EB053BB0078333B /* AVFoundation.framework */ = {isa = PBXFileReference; lastKnownFileType = wrapper.framework; name = AVFoundation.framework; path = System/Library/Frameworks/AVFoundation.framework; sourceTree = SDKROOT; };
		90C13D833579335699BC48A0 /* Pods-iOS-PartyPlanner.release.xcconfig */ = {isa = PBXFileReference; includeInIndex = 1; lastKnownFileType = text.xcconfig; name = "Pods-iOS-PartyPlanner.release.xcconfig"; path = "Pods/Target Support Files/Pods-iOS-PartyPlanner/Pods-iOS-PartyPlanner.release.xcconfig"; sourceTree = "<group>"; };
		96B49B93AA647D8D6A2EED1E /* Pods-iOS-PartyPlanner.debug.xcconfig */ = {isa = PBXFileReference; includeInIndex = 1; lastKnownFileType = text.xcconfig; name = "Pods-iOS-PartyPlanner.debug.xcconfig"; path = "Pods/Target Support Files/Pods-iOS-PartyPlanner/Pods-iOS-PartyPlanner.debug.xcconfig"; sourceTree = "<group>"; };
		A1470F331EAF20C600DE373A /* iOS-PartyPlanner.app */ = {isa = PBXFileReference; explicitFileType = wrapper.application; includeInIndex = 0; path = "iOS-PartyPlanner.app"; sourceTree = BUILT_PRODUCTS_DIR; };
		A1470F361EAF20C600DE373A /* AppDelegate.swift */ = {isa = PBXFileReference; lastKnownFileType = sourcecode.swift; path = AppDelegate.swift; sourceTree = "<group>"; };
		A1470F3B1EAF20C600DE373A /* Base */ = {isa = PBXFileReference; lastKnownFileType = file.storyboard; name = Base; path = Base.lproj/Main.storyboard; sourceTree = "<group>"; };
		A1470F3D1EAF20C600DE373A /* Assets.xcassets */ = {isa = PBXFileReference; lastKnownFileType = folder.assetcatalog; path = Assets.xcassets; sourceTree = "<group>"; };
		A1470F401EAF20C600DE373A /* Base */ = {isa = PBXFileReference; lastKnownFileType = file.storyboard; name = Base; path = Base.lproj/LaunchScreen.storyboard; sourceTree = "<group>"; };
		A1470F421EAF20C600DE373A /* Info.plist */ = {isa = PBXFileReference; lastKnownFileType = text.plist.xml; path = Info.plist; sourceTree = "<group>"; };
		BA8DCCBDCBEA68C30D6893BC /* Pods_iOS_PartyPlanner.framework */ = {isa = PBXFileReference; explicitFileType = wrapper.framework; includeInIndex = 0; path = Pods_iOS_PartyPlanner.framework; sourceTree = BUILT_PRODUCTS_DIR; };
		A1470F6C1EB17AA600DE373A /* Comment.swift */ = {isa = PBXFileReference; fileEncoding = 4; lastKnownFileType = sourcecode.swift; path = Comment.swift; sourceTree = "<group>"; };
/* End PBXFileReference section */

/* Begin PBXFrameworksBuildPhase section */
		A1470F301EAF20C600DE373A /* Frameworks */ = {
			isa = PBXFrameworksBuildPhase;
			buildActionMask = 2147483647;
			files = (
				821B65EB1EB053BB0078333B /* AVFoundation.framework in Frameworks */,
				821B65E91EB053B30078333B /* AVKit.framework in Frameworks */,
				23BA99FF7269C05C70C2274A /* Pods_iOS_PartyPlanner.framework in Frameworks */,
			);
			runOnlyForDeploymentPostprocessing = 0;
		};
/* End PBXFrameworksBuildPhase section */

/* Begin PBXGroup section */
		821B65C31EB006FF0078333B /* UIComponents */ = {
			isa = PBXGroup;
			children = (
				821B65C81EB00FAC0078333B /* TableViewCell */,
				821B65C41EB007230078333B /* VideoView.swift */,
			);
			name = UIComponents;
			sourceTree = "<group>";
		};
		821B65C81EB00FAC0078333B /* TableViewCell */ = {
			isa = PBXGroup;
			children = (
				821B65C91EB00FE20078333B /* EventSummaryTableViewCell.swift */,
				821B65D71EB0400C0078333B /* EventTableViewCell.swift */,
				821B65D91EB0403A0078333B /* EventMediaCollectionTableViewCell.swift */,
				821B65DB1EB040500078333B /* EventGuestsTableViewCell.swift */,
			);
			name = TableViewCell;
			sourceTree = "<group>";
		};
		821B65E71EB053B30078333B /* Frameworks */ = {
			isa = PBXGroup;
			children = (
				821B65EA1EB053BB0078333B /* AVFoundation.framework */,
				821B65E81EB053B30078333B /* AVKit.framework */,
				BA8DCCBDCBEA68C30D6893BC /* Pods_iOS_PartyPlanner.framework */,
			);
			name = Frameworks;
			sourceTree = "<group>";
		};
		84E3C8EBDAFBEAD0E29C4BE4 /* Pods */ = {
			isa = PBXGroup;
			children = (
				96B49B93AA647D8D6A2EED1E /* Pods-iOS-PartyPlanner.debug.xcconfig */,
				90C13D833579335699BC48A0 /* Pods-iOS-PartyPlanner.release.xcconfig */,
			);
			name = Pods;
			sourceTree = "<group>";
		};
		A1470F2A1EAF20C600DE373A = {
			isa = PBXGroup;
			children = (
				A1470F351EAF20C600DE373A /* iOS-PartyPlanner */,
				A1470F341EAF20C600DE373A /* Products */,
				821B65E71EB053B30078333B /* Frameworks */,
				84E3C8EBDAFBEAD0E29C4BE4 /* Pods */,
				2044D75C1EB13E7C002AB803 /* iOS-PartyPlanner-Bridging-Header.h */,
			);
			sourceTree = "<group>";
		};
		A1470F341EAF20C600DE373A /* Products */ = {
			isa = PBXGroup;
			children = (
				A1470F331EAF20C600DE373A /* iOS-PartyPlanner.app */,
			);
			name = Products;
			sourceTree = "<group>";
		};
		A1470F351EAF20C600DE373A /* iOS-PartyPlanner */ = {
			isa = PBXGroup;
			children = (
				2044D75F1EB145FC002AB803 /* iOS-PartyPlanner.entitlements */,
				821B65C31EB006FF0078333B /* UIComponents */,
				A1470F4D1EAF244000DE373A /* ViewControllers */,
				A1470F4C1EAF243B00DE373A /* Views */,
				A1470F4B1EAF243200DE373A /* APIs */,
				A1470F481EAF241B00DE373A /* Models */,
				A1470F361EAF20C600DE373A /* AppDelegate.swift */,
				A1470F3A1EAF20C600DE373A /* Main.storyboard */,
				A1470F3D1EAF20C600DE373A /* Assets.xcassets */,
				A1470F3F1EAF20C600DE373A /* LaunchScreen.storyboard */,
				A1470F421EAF20C600DE373A /* Info.plist */,
				2044D7601EB14F26002AB803 /* GoogleService-Info.plist */,
			);
			path = "iOS-PartyPlanner";
			sourceTree = "<group>";
		};
		A1470F481EAF241B00DE373A /* Models */ = {
			isa = PBXGroup;
			children = (
				821B65CB1EB011070078333B /* User.swift */,
				821B65CD1EB011160078333B /* Event.swift */,
				821B65CF1EB011290078333B /* Task.swift */,
				821B65D11EB011410078333B /* RSVP.swift */,
				821B65D31EB0115C0078333B /* Item.swift */,
				A1470F6C1EB17AA600DE373A /* Comment.swift */,
			);
			name = Models;
			sourceTree = "<group>";
		};
		A1470F4B1EAF243200DE373A /* APIs */ = {
			isa = PBXGroup;
			children = (
				821B65E51EB04C7E0078333B /* APIClient.swift */,
			);
			name = APIs;
			sourceTree = "<group>";
		};
		A1470F4C1EAF243B00DE373A /* Views */ = {
			isa = PBXGroup;
			children = (
			);
			name = Views;
			sourceTree = "<group>";
		};
		A1470F4D1EAF244000DE373A /* ViewControllers */ = {
			isa = PBXGroup;
			children = (
				821B65BD1EAFF1C60078333B /* HomeViewController.swift */,
				821B65BF1EAFF1D60078333B /* TasksViewController.swift */,
				821B65C11EAFF1E90078333B /* MaterialViewController.swift */,
				821B65D51EB03FCB0078333B /* GuestPickupView.swift */,
				821B65DD1EB040B30078333B /* RSVPViewController.swift */,
				821B65E11EB04ABD0078333B /* EventViewController.swift */,
				821B65E31EB04B1C0078333B /* LoginViewController.swift */,
			);
			name = ViewControllers;
			sourceTree = "<group>";
		};
/* End PBXGroup section */

/* Begin PBXNativeTarget section */
		A1470F321EAF20C600DE373A /* iOS-PartyPlanner */ = {
			isa = PBXNativeTarget;
			buildConfigurationList = A1470F451EAF20C600DE373A /* Build configuration list for PBXNativeTarget "iOS-PartyPlanner" */;
			buildPhases = (
				58EB7BC6B2D91DF6663392E0 /* [CP] Check Pods Manifest.lock */,
				A1470F2F1EAF20C600DE373A /* Sources */,
				A1470F301EAF20C600DE373A /* Frameworks */,
				A1470F311EAF20C600DE373A /* Resources */,
				6E784677F281C773C25D3B6D /* [CP] Embed Pods Frameworks */,
				EEE73D99978E25283AF0B3DB /* [CP] Copy Pods Resources */,
			);
			buildRules = (
			);
			dependencies = (
			);
			name = "iOS-PartyPlanner";
			productName = "iOS-PartyPlanner";
			productReference = A1470F331EAF20C600DE373A /* iOS-PartyPlanner.app */;
			productType = "com.apple.product-type.application";
		};
/* End PBXNativeTarget section */

/* Begin PBXProject section */
		A1470F2B1EAF20C600DE373A /* Project object */ = {
			isa = PBXProject;
			attributes = {
				LastSwiftUpdateCheck = 0830;
				LastUpgradeCheck = 0830;
				ORGANIZATIONNAME = PartyDevs;
				TargetAttributes = {
					A1470F321EAF20C600DE373A = {
						CreatedOnToolsVersion = 8.3;
						DevelopmentTeam = 5NFEH37HHC;
						LastSwiftMigration = 0830;
						ProvisioningStyle = Automatic;
						SystemCapabilities = {
							com.apple.Keychain = {
								enabled = 1;
							};
						};
					};
				};
			};
			buildConfigurationList = A1470F2E1EAF20C600DE373A /* Build configuration list for PBXProject "iOS-PartyPlanner" */;
			compatibilityVersion = "Xcode 3.2";
			developmentRegion = English;
			hasScannedForEncodings = 0;
			knownRegions = (
				en,
				Base,
			);
			mainGroup = A1470F2A1EAF20C600DE373A;
			productRefGroup = A1470F341EAF20C600DE373A /* Products */;
			projectDirPath = "";
			projectRoot = "";
			targets = (
				A1470F321EAF20C600DE373A /* iOS-PartyPlanner */,
			);
		};
/* End PBXProject section */

/* Begin PBXResourcesBuildPhase section */
		A1470F311EAF20C600DE373A /* Resources */ = {
			isa = PBXResourcesBuildPhase;
			buildActionMask = 2147483647;
			files = (
				A1470F411EAF20C600DE373A /* LaunchScreen.storyboard in Resources */,
				2044D7611EB14F26002AB803 /* GoogleService-Info.plist in Resources */,
				A1470F3E1EAF20C600DE373A /* Assets.xcassets in Resources */,
				A1470F3C1EAF20C600DE373A /* Main.storyboard in Resources */,
			);
			runOnlyForDeploymentPostprocessing = 0;
		};
/* End PBXResourcesBuildPhase section */

/* Begin PBXShellScriptBuildPhase section */
		58EB7BC6B2D91DF6663392E0 /* [CP] Check Pods Manifest.lock */ = {
			isa = PBXShellScriptBuildPhase;
			buildActionMask = 2147483647;
			files = (
			);
			inputPaths = (
			);
			name = "[CP] Check Pods Manifest.lock";
			outputPaths = (
			);
			runOnlyForDeploymentPostprocessing = 0;
			shellPath = /bin/sh;
			shellScript = "diff \"${PODS_PODFILE_DIR_PATH}/Podfile.lock\" \"${PODS_ROOT}/Manifest.lock\" > /dev/null\nif [ $? != 0 ] ; then\n    # print error to STDERR\n    echo \"error: The sandbox is not in sync with the Podfile.lock. Run 'pod install' or update your CocoaPods installation.\" >&2\n    exit 1\nfi\n";
			showEnvVarsInLog = 0;
		};
		6E784677F281C773C25D3B6D /* [CP] Embed Pods Frameworks */ = {
			isa = PBXShellScriptBuildPhase;
			buildActionMask = 2147483647;
			files = (
			);
			inputPaths = (
			);
			name = "[CP] Embed Pods Frameworks";
			outputPaths = (
			);
			runOnlyForDeploymentPostprocessing = 0;
			shellPath = /bin/sh;
			shellScript = "\"${SRCROOT}/Pods/Target Support Files/Pods-iOS-PartyPlanner/Pods-iOS-PartyPlanner-frameworks.sh\"\n";
			showEnvVarsInLog = 0;
		};
		EEE73D99978E25283AF0B3DB /* [CP] Copy Pods Resources */ = {
			isa = PBXShellScriptBuildPhase;
			buildActionMask = 2147483647;
			files = (
			);
			inputPaths = (
			);
			name = "[CP] Copy Pods Resources";
			outputPaths = (
			);
			runOnlyForDeploymentPostprocessing = 0;
			shellPath = /bin/sh;
			shellScript = "\"${SRCROOT}/Pods/Target Support Files/Pods-iOS-PartyPlanner/Pods-iOS-PartyPlanner-resources.sh\"\n";
			showEnvVarsInLog = 0;
		};
/* End PBXShellScriptBuildPhase section */

/* Begin PBXSourcesBuildPhase section */
		A1470F2F1EAF20C600DE373A /* Sources */ = {
			isa = PBXSourcesBuildPhase;
			buildActionMask = 2147483647;
			files = (
				821B65E41EB04B1C0078333B /* LoginViewController.swift in Sources */,
				821B65CA1EB00FE20078333B /* EventSummaryTableViewCell.swift in Sources */,
				821B65C51EB007230078333B /* VideoView.swift in Sources */,
				821B65DA1EB0403A0078333B /* EventMediaCollectionTableViewCell.swift in Sources */,
				821B65D81EB0400C0078333B /* EventTableViewCell.swift in Sources */,
				821B65CE1EB011160078333B /* Event.swift in Sources */,
				821B65E61EB04C7E0078333B /* APIClient.swift in Sources */,
				821B65E21EB04ABD0078333B /* EventViewController.swift in Sources */,
				821B65CC1EB011070078333B /* User.swift in Sources */,
				821B65C21EAFF1E90078333B /* MaterialViewController.swift in Sources */,
				821B65BE1EAFF1C60078333B /* HomeViewController.swift in Sources */,
				821B65D21EB011410078333B /* RSVP.swift in Sources */,
				821B65DC1EB040500078333B /* EventGuestsTableViewCell.swift in Sources */,
				821B65DE1EB040B30078333B /* RSVPViewController.swift in Sources */,
				821B65D41EB0115C0078333B /* Item.swift in Sources */,
				A1470F6D1EB17AA600DE373A /* Comment.swift in Sources */,
				821B65C01EAFF1D60078333B /* TasksViewController.swift in Sources */,
				821B65D01EB011290078333B /* Task.swift in Sources */,
				A1470F371EAF20C600DE373A /* AppDelegate.swift in Sources */,
				821B65D61EB03FCB0078333B /* GuestPickupView.swift in Sources */,
			);
			runOnlyForDeploymentPostprocessing = 0;
		};
/* End PBXSourcesBuildPhase section */

/* Begin PBXVariantGroup section */
		A1470F3A1EAF20C600DE373A /* Main.storyboard */ = {
			isa = PBXVariantGroup;
			children = (
				A1470F3B1EAF20C600DE373A /* Base */,
			);
			name = Main.storyboard;
			sourceTree = "<group>";
		};
		A1470F3F1EAF20C600DE373A /* LaunchScreen.storyboard */ = {
			isa = PBXVariantGroup;
			children = (
				A1470F401EAF20C600DE373A /* Base */,
			);
			name = LaunchScreen.storyboard;
			sourceTree = "<group>";
		};
/* End PBXVariantGroup section */

/* Begin XCBuildConfiguration section */
		A1470F431EAF20C600DE373A /* Debug */ = {
			isa = XCBuildConfiguration;
			buildSettings = {
				ALWAYS_SEARCH_USER_PATHS = NO;
				CLANG_ANALYZER_NONNULL = YES;
				CLANG_ANALYZER_NUMBER_OBJECT_CONVERSION = YES_AGGRESSIVE;
				CLANG_CXX_LANGUAGE_STANDARD = "gnu++0x";
				CLANG_CXX_LIBRARY = "libc++";
				CLANG_ENABLE_MODULES = YES;
				CLANG_ENABLE_OBJC_ARC = YES;
				CLANG_WARN_BOOL_CONVERSION = YES;
				CLANG_WARN_CONSTANT_CONVERSION = YES;
				CLANG_WARN_DIRECT_OBJC_ISA_USAGE = YES_ERROR;
				CLANG_WARN_DOCUMENTATION_COMMENTS = YES;
				CLANG_WARN_EMPTY_BODY = YES;
				CLANG_WARN_ENUM_CONVERSION = YES;
				CLANG_WARN_INFINITE_RECURSION = YES;
				CLANG_WARN_INT_CONVERSION = YES;
				CLANG_WARN_OBJC_ROOT_CLASS = YES_ERROR;
				CLANG_WARN_SUSPICIOUS_MOVE = YES;
				CLANG_WARN_UNREACHABLE_CODE = YES;
				CLANG_WARN__DUPLICATE_METHOD_MATCH = YES;
				"CODE_SIGN_IDENTITY[sdk=iphoneos*]" = "iPhone Developer";
				COPY_PHASE_STRIP = NO;
				DEBUG_INFORMATION_FORMAT = dwarf;
				ENABLE_STRICT_OBJC_MSGSEND = YES;
				ENABLE_TESTABILITY = YES;
				GCC_C_LANGUAGE_STANDARD = gnu99;
				GCC_DYNAMIC_NO_PIC = NO;
				GCC_NO_COMMON_BLOCKS = YES;
				GCC_OPTIMIZATION_LEVEL = 0;
				GCC_PREPROCESSOR_DEFINITIONS = (
					"DEBUG=1",
					"$(inherited)",
				);
				GCC_WARN_64_TO_32_BIT_CONVERSION = YES;
				GCC_WARN_ABOUT_RETURN_TYPE = YES_ERROR;
				GCC_WARN_UNDECLARED_SELECTOR = YES;
				GCC_WARN_UNINITIALIZED_AUTOS = YES_AGGRESSIVE;
				GCC_WARN_UNUSED_FUNCTION = YES;
				GCC_WARN_UNUSED_VARIABLE = YES;
				IPHONEOS_DEPLOYMENT_TARGET = 10.3;
				MTL_ENABLE_DEBUG_INFO = YES;
				ONLY_ACTIVE_ARCH = YES;
				SDKROOT = iphoneos;
				SWIFT_ACTIVE_COMPILATION_CONDITIONS = DEBUG;
				SWIFT_OPTIMIZATION_LEVEL = "-Onone";
				TARGETED_DEVICE_FAMILY = "1,2";
			};
			name = Debug;
		};
		A1470F441EAF20C600DE373A /* Release */ = {
			isa = XCBuildConfiguration;
			buildSettings = {
				ALWAYS_SEARCH_USER_PATHS = NO;
				CLANG_ANALYZER_NONNULL = YES;
				CLANG_ANALYZER_NUMBER_OBJECT_CONVERSION = YES_AGGRESSIVE;
				CLANG_CXX_LANGUAGE_STANDARD = "gnu++0x";
				CLANG_CXX_LIBRARY = "libc++";
				CLANG_ENABLE_MODULES = YES;
				CLANG_ENABLE_OBJC_ARC = YES;
				CLANG_WARN_BOOL_CONVERSION = YES;
				CLANG_WARN_CONSTANT_CONVERSION = YES;
				CLANG_WARN_DIRECT_OBJC_ISA_USAGE = YES_ERROR;
				CLANG_WARN_DOCUMENTATION_COMMENTS = YES;
				CLANG_WARN_EMPTY_BODY = YES;
				CLANG_WARN_ENUM_CONVERSION = YES;
				CLANG_WARN_INFINITE_RECURSION = YES;
				CLANG_WARN_INT_CONVERSION = YES;
				CLANG_WARN_OBJC_ROOT_CLASS = YES_ERROR;
				CLANG_WARN_SUSPICIOUS_MOVE = YES;
				CLANG_WARN_UNREACHABLE_CODE = YES;
				CLANG_WARN__DUPLICATE_METHOD_MATCH = YES;
				"CODE_SIGN_IDENTITY[sdk=iphoneos*]" = "iPhone Developer";
				COPY_PHASE_STRIP = NO;
				DEBUG_INFORMATION_FORMAT = "dwarf-with-dsym";
				ENABLE_NS_ASSERTIONS = NO;
				ENABLE_STRICT_OBJC_MSGSEND = YES;
				GCC_C_LANGUAGE_STANDARD = gnu99;
				GCC_NO_COMMON_BLOCKS = YES;
				GCC_WARN_64_TO_32_BIT_CONVERSION = YES;
				GCC_WARN_ABOUT_RETURN_TYPE = YES_ERROR;
				GCC_WARN_UNDECLARED_SELECTOR = YES;
				GCC_WARN_UNINITIALIZED_AUTOS = YES_AGGRESSIVE;
				GCC_WARN_UNUSED_FUNCTION = YES;
				GCC_WARN_UNUSED_VARIABLE = YES;
				IPHONEOS_DEPLOYMENT_TARGET = 10.3;
				MTL_ENABLE_DEBUG_INFO = NO;
				SDKROOT = iphoneos;
				SWIFT_OPTIMIZATION_LEVEL = "-Owholemodule";
				TARGETED_DEVICE_FAMILY = "1,2";
				VALIDATE_PRODUCT = YES;
			};
			name = Release;
		};
		A1470F461EAF20C600DE373A /* Debug */ = {
			isa = XCBuildConfiguration;
			baseConfigurationReference = 96B49B93AA647D8D6A2EED1E /* Pods-iOS-PartyPlanner.debug.xcconfig */;
			buildSettings = {
				ASSETCATALOG_COMPILER_APPICON_NAME = AppIcon;
				CLANG_ENABLE_MODULES = YES;
				CODE_SIGN_ENTITLEMENTS = "iOS-PartyPlanner/iOS-PartyPlanner.entitlements";
				DEVELOPMENT_TEAM = 5NFEH37HHC;
				INFOPLIST_FILE = "iOS-PartyPlanner/Info.plist";
				LD_RUNPATH_SEARCH_PATHS = "$(inherited) @executable_path/Frameworks";
				PRODUCT_BUNDLE_IDENTIFIER = "com.partydevs.iOS-PartyPlanner";
				PRODUCT_NAME = "$(TARGET_NAME)";
				SWIFT_OBJC_BRIDGING_HEADER = "iOS-PartyPlanner-Bridging-Header.h";
				SWIFT_OPTIMIZATION_LEVEL = "-Onone";
				SWIFT_VERSION = 3.0;
			};
			name = Debug;
		};
		A1470F471EAF20C600DE373A /* Release */ = {
			isa = XCBuildConfiguration;
			baseConfigurationReference = 90C13D833579335699BC48A0 /* Pods-iOS-PartyPlanner.release.xcconfig */;
			buildSettings = {
				ASSETCATALOG_COMPILER_APPICON_NAME = AppIcon;
				CLANG_ENABLE_MODULES = YES;
				CODE_SIGN_ENTITLEMENTS = "iOS-PartyPlanner/iOS-PartyPlanner.entitlements";
				DEVELOPMENT_TEAM = 5NFEH37HHC;
				INFOPLIST_FILE = "iOS-PartyPlanner/Info.plist";
				LD_RUNPATH_SEARCH_PATHS = "$(inherited) @executable_path/Frameworks";
				PRODUCT_BUNDLE_IDENTIFIER = "com.partydevs.iOS-PartyPlanner";
				PRODUCT_NAME = "$(TARGET_NAME)";
				SWIFT_OBJC_BRIDGING_HEADER = "iOS-PartyPlanner-Bridging-Header.h";
				SWIFT_VERSION = 3.0;
			};
			name = Release;
		};
/* End XCBuildConfiguration section */

/* Begin XCConfigurationList section */
		A1470F2E1EAF20C600DE373A /* Build configuration list for PBXProject "iOS-PartyPlanner" */ = {
			isa = XCConfigurationList;
			buildConfigurations = (
				A1470F431EAF20C600DE373A /* Debug */,
				A1470F441EAF20C600DE373A /* Release */,
			);
			defaultConfigurationIsVisible = 0;
			defaultConfigurationName = Release;
		};
		A1470F451EAF20C600DE373A /* Build configuration list for PBXNativeTarget "iOS-PartyPlanner" */ = {
			isa = XCConfigurationList;
			buildConfigurations = (
				A1470F461EAF20C600DE373A /* Debug */,
				A1470F471EAF20C600DE373A /* Release */,
			);
			defaultConfigurationIsVisible = 0;
			defaultConfigurationName = Release;
		};
/* End XCConfigurationList section */
	};
	rootObject = A1470F2B1EAF20C600DE373A /* Project object */;
}
