// !$*UTF8*$!
{
	archiveVersion = 1;
	classes = {
	};
	objectVersion = 46;
	objects = {

/* Begin PBXBuildFile section */
		2044D7611EB14F26002AB803 /* GoogleService-Info.plist in Resources */ = {isa = PBXBuildFile; fileRef = 2044D7601EB14F26002AB803 /* GoogleService-Info.plist */; };
		23BA99FF7269C05C70C2274A /* Pods_iOS_PartyPlanner.framework in Frameworks */ = {isa = PBXBuildFile; fileRef = BA8DCCBDCBEA68C30D6893BC /* Pods_iOS_PartyPlanner.framework */; };
		8209022A1EBABFA5009C7C6D /* CalendarAPI.swift in Sources */ = {isa = PBXBuildFile; fileRef = 820902291EBABFA5009C7C6D /* CalendarAPI.swift */; };
		8209022C1EBAC8C2009C7C6D /* CalViewController.swift in Sources */ = {isa = PBXBuildFile; fileRef = 8209022B1EBAC8C2009C7C6D /* CalViewController.swift */; };
		820EEE491EC5A577005700C9 /* HeadAddTableViewCell.swift in Sources */ = {isa = PBXBuildFile; fileRef = 820EEE481EC5A577005700C9 /* HeadAddTableViewCell.swift */; };
		821B65BE1EAFF1C60078333B /* HomeViewController.swift in Sources */ = {isa = PBXBuildFile; fileRef = 821B65BD1EAFF1C60078333B /* HomeViewController.swift */; };
		821B65C01EAFF1D60078333B /* TasksViewController.swift in Sources */ = {isa = PBXBuildFile; fileRef = 821B65BF1EAFF1D60078333B /* TasksViewController.swift */; };
		821B65C21EAFF1E90078333B /* MaterialViewController.swift in Sources */ = {isa = PBXBuildFile; fileRef = 821B65C11EAFF1E90078333B /* MaterialViewController.swift */; };
		821B65C51EB007230078333B /* VideoView.swift in Sources */ = {isa = PBXBuildFile; fileRef = 821B65C41EB007230078333B /* VideoView.swift */; };
		821B65CA1EB00FE20078333B /* EventSummaryTableViewCell.swift in Sources */ = {isa = PBXBuildFile; fileRef = 821B65C91EB00FE20078333B /* EventSummaryTableViewCell.swift */; };
		821B65CC1EB011070078333B /* User.swift in Sources */ = {isa = PBXBuildFile; fileRef = 821B65CB1EB011070078333B /* User.swift */; };
		821B65CE1EB011160078333B /* Event.swift in Sources */ = {isa = PBXBuildFile; fileRef = 821B65CD1EB011160078333B /* Event.swift */; };
		821B65D01EB011290078333B /* Task.swift in Sources */ = {isa = PBXBuildFile; fileRef = 821B65CF1EB011290078333B /* Task.swift */; };
		821B65D21EB011410078333B /* RSVP.swift in Sources */ = {isa = PBXBuildFile; fileRef = 821B65D11EB011410078333B /* RSVP.swift */; };
		821B65D41EB0115C0078333B /* Item.swift in Sources */ = {isa = PBXBuildFile; fileRef = 821B65D31EB0115C0078333B /* Item.swift */; };
		821B65D61EB03FCB0078333B /* GuestPickupView.swift in Sources */ = {isa = PBXBuildFile; fileRef = 821B65D51EB03FCB0078333B /* GuestPickupView.swift */; };
		821B65D81EB0400C0078333B /* EventGuestCommentTableViewCell.swift in Sources */ = {isa = PBXBuildFile; fileRef = 821B65D71EB0400C0078333B /* EventGuestCommentTableViewCell.swift */; };
		821B65DA1EB0403A0078333B /* EventMediaCollectionTableViewCell.swift in Sources */ = {isa = PBXBuildFile; fileRef = 821B65D91EB0403A0078333B /* EventMediaCollectionTableViewCell.swift */; };
		821B65DC1EB040500078333B /* EventGuestsTableViewCell.swift in Sources */ = {isa = PBXBuildFile; fileRef = 821B65DB1EB040500078333B /* EventGuestsTableViewCell.swift */; };
		821B65DE1EB040B30078333B /* RSVPViewController.swift in Sources */ = {isa = PBXBuildFile; fileRef = 821B65DD1EB040B30078333B /* RSVPViewController.swift */; };
		821B65E21EB04ABD0078333B /* EventViewController.swift in Sources */ = {isa = PBXBuildFile; fileRef = 821B65E11EB04ABD0078333B /* EventViewController.swift */; };
		821B65E41EB04B1C0078333B /* LoginViewController.swift in Sources */ = {isa = PBXBuildFile; fileRef = 821B65E31EB04B1C0078333B /* LoginViewController.swift */; };
		821B65E61EB04C7E0078333B /* APIClient.swift in Sources */ = {isa = PBXBuildFile; fileRef = 821B65E51EB04C7E0078333B /* APIClient.swift */; };
		821B65E91EB053B30078333B /* AVKit.framework in Frameworks */ = {isa = PBXBuildFile; fileRef = 821B65E81EB053B30078333B /* AVKit.framework */; };
		821B65EB1EB053BB0078333B /* AVFoundation.framework in Frameworks */ = {isa = PBXBuildFile; fileRef = 821B65EA1EB053BB0078333B /* AVFoundation.framework */; };
		826897E41EB65A0400C3B4D6 /* PhotoCollectionViewCell.swift in Sources */ = {isa = PBXBuildFile; fileRef = 826897E31EB65A0400C3B4D6 /* PhotoCollectionViewCell.swift */; };
		82869EA21EC2CF5D0044AFCB /* GuestCollectionViewCell.swift in Sources */ = {isa = PBXBuildFile; fileRef = 82869EA11EC2CF5D0044AFCB /* GuestCollectionViewCell.swift */; };
		8298EBA11EC00D8100EBA37F /* EventTasksTableViewCell.swift in Sources */ = {isa = PBXBuildFile; fileRef = 8298EBA01EC00D8100EBA37F /* EventTasksTableViewCell.swift */; };
		8298EBA31EC01C2800EBA37F /* CreateTaskViewController.swift in Sources */ = {isa = PBXBuildFile; fileRef = 8298EBA21EC01C2800EBA37F /* CreateTaskViewController.swift */; };
		82A7F15F1EC6CE0600D03CC9 /* AddInfoViewController.swift in Sources */ = {isa = PBXBuildFile; fileRef = 82A7F15E1EC6CE0600D03CC9 /* AddInfoViewController.swift */; };
		82BABC941EC8D45800A70658 /* QCodeViewController.swift in Sources */ = {isa = PBXBuildFile; fileRef = 82BABC931EC8D45800A70658 /* QCodeViewController.swift */; };
		82CCAEA61EBF9BCE00D3C71C /* PhotoBrowserViewController.swift in Sources */ = {isa = PBXBuildFile; fileRef = 82CCAEA51EBF9BCE00D3C71C /* PhotoBrowserViewController.swift */; };
		82D4AF0A1EB52D990087E0A6 /* PhotoesTableViewCell.swift in Sources */ = {isa = PBXBuildFile; fileRef = 82D4AF091EB52D990087E0A6 /* PhotoesTableViewCell.swift */; };
		A1470F371EAF20C600DE373A /* AppDelegate.swift in Sources */ = {isa = PBXBuildFile; fileRef = A1470F361EAF20C600DE373A /* AppDelegate.swift */; };
		A1470F3C1EAF20C600DE373A /* Main.storyboard in Resources */ = {isa = PBXBuildFile; fileRef = A1470F3A1EAF20C600DE373A /* Main.storyboard */; };
		A1470F3E1EAF20C600DE373A /* Assets.xcassets in Resources */ = {isa = PBXBuildFile; fileRef = A1470F3D1EAF20C600DE373A /* Assets.xcassets */; };
		A1470F411EAF20C600DE373A /* LaunchScreen.storyboard in Resources */ = {isa = PBXBuildFile; fileRef = A1470F3F1EAF20C600DE373A /* LaunchScreen.storyboard */; };
		A1470F6D1EB17AA600DE373A /* Comment.swift in Sources */ = {isa = PBXBuildFile; fileRef = A1470F6C1EB17AA600DE373A /* Comment.swift */; };
		A14EE5F41EB51BAD006889D1 /* Uitls.swift in Sources */ = {isa = PBXBuildFile; fileRef = A14EE5F31EB51BAD006889D1 /* Uitls.swift */; };
		A18AB06F1EC19D3B00E83B0C /* MediaApi.swift in Sources */ = {isa = PBXBuildFile; fileRef = A18AB06E1EC19D3B00E83B0C /* MediaApi.swift */; };
		A18AB0741EC19E7E00E83B0C /* EventCreationViewController.swift in Sources */ = {isa = PBXBuildFile; fileRef = A18AB0731EC19E7E00E83B0C /* EventCreationViewController.swift */; };
		A18AB0791EC1A17700E83B0C /* ImageCell.swift in Sources */ = {isa = PBXBuildFile; fileRef = A18AB0751EC1A17700E83B0C /* ImageCell.swift */; };
		A18AB07A1EC1A17700E83B0C /* ImageCell.xib in Resources */ = {isa = PBXBuildFile; fileRef = A18AB0761EC1A17700E83B0C /* ImageCell.xib */; };
		A190B1721EB66D7F006328AF /* EventApi.swift in Sources */ = {isa = PBXBuildFile; fileRef = A190B16E1EB66D7F006328AF /* EventApi.swift */; };
		A190B1731EB66D7F006328AF /* ItemApi.swift in Sources */ = {isa = PBXBuildFile; fileRef = A190B16F1EB66D7F006328AF /* ItemApi.swift */; };
		A190B1741EB66D7F006328AF /* RsvpApi.swift in Sources */ = {isa = PBXBuildFile; fileRef = A190B1701EB66D7F006328AF /* RsvpApi.swift */; };
		A190B1751EB66D7F006328AF /* TaskApi.swift in Sources */ = {isa = PBXBuildFile; fileRef = A190B1711EB66D7F006328AF /* TaskApi.swift */; };
		A190B1771EB67D2B006328AF /* UserApi.swift in Sources */ = {isa = PBXBuildFile; fileRef = A190B1761EB67D2B006328AF /* UserApi.swift */; };
		A190B17A1EB68B0D006328AF /* CommentApi.swift in Sources */ = {isa = PBXBuildFile; fileRef = A190B1791EB68B0D006328AF /* CommentApi.swift */; };
		A1A59FDC1EC978D6002DDFC8 /* check_pop.json in Resources */ = {isa = PBXBuildFile; fileRef = A1A59FDA1EC978D6002DDFC8 /* check_pop.json */; };
		A1A59FDD1EC978D6002DDFC8 /* party.json in Resources */ = {isa = PBXBuildFile; fileRef = A1A59FDB1EC978D6002DDFC8 /* party.json */; };
		A1B731091EC2BA6A00976FB8 /* LocationsViewController.swift in Sources */ = {isa = PBXBuildFile; fileRef = A1B731081EC2BA6A00976FB8 /* LocationsViewController.swift */; };
		A1B7310C1EC2BADC00976FB8 /* LocationCell.swift in Sources */ = {isa = PBXBuildFile; fileRef = A1B7310B1EC2BADC00976FB8 /* LocationCell.swift */; };
		A1C1BB151EC7D81C00D316B8 /* back_arrow.json in Resources */ = {isa = PBXBuildFile; fileRef = A1C1BB131EC7D81C00D316B8 /* back_arrow.json */; };
		A1C1BB161EC7D81C00D316B8 /* splashy_loader.json in Resources */ = {isa = PBXBuildFile; fileRef = A1C1BB141EC7D81C00D316B8 /* splashy_loader.json */; };
		A1C1BB1B1EC7E0E800D316B8 /* pen_tool_loop.json in Resources */ = {isa = PBXBuildFile; fileRef = A1C1BB171EC7E0E800D316B8 /* pen_tool_loop.json */; };
		A1C1BB1C1EC7E0E800D316B8 /* pencil_write.json in Resources */ = {isa = PBXBuildFile; fileRef = A1C1BB181EC7E0E800D316B8 /* pencil_write.json */; };
		A1C1BB1D1EC7E0E800D316B8 /* simple_check.json in Resources */ = {isa = PBXBuildFile; fileRef = A1C1BB191EC7E0E800D316B8 /* simple_check.json */; };
		A1C1BB1E1EC7E0E800D316B8 /* spacehub.json in Resources */ = {isa = PBXBuildFile; fileRef = A1C1BB1A1EC7E0E800D316B8 /* spacehub.json */; };
		A1C1BB201EC7E4FB00D316B8 /* material_load.json in Resources */ = {isa = PBXBuildFile; fileRef = A1C1BB1F1EC7E4FA00D316B8 /* material_load.json */; };
		A1DFE1421EC6400A007AE912 /* AddContactsViewController.swift in Sources */ = {isa = PBXBuildFile; fileRef = A1DFE1401EC6400A007AE912 /* AddContactsViewController.swift */; };
		A1DFE1431EC6400A007AE912 /* ContactSelectionCell.swift in Sources */ = {isa = PBXBuildFile; fileRef = A1DFE1411EC6400A007AE912 /* ContactSelectionCell.swift */; };
		A1F708011EC246F0004F7328 /* TextInputCell2.swift in Sources */ = {isa = PBXBuildFile; fileRef = A1F708001EC246F0004F7328 /* TextInputCell2.swift */; };
		F7B01E901EB7EC190023852A /* EventDetailViewController.swift in Sources */ = {isa = PBXBuildFile; fileRef = F7B01E8F1EB7EC190023852A /* EventDetailViewController.swift */; };
		F7B01E921EB7F4C70023852A /* MediaCollectionViewCell.swift in Sources */ = {isa = PBXBuildFile; fileRef = F7B01E911EB7F4C70023852A /* MediaCollectionViewCell.swift */; };
		F7B01E941EB7F4E30023852A /* CommentsTableViewCell.swift in Sources */ = {isa = PBXBuildFile; fileRef = F7B01E931EB7F4E30023852A /* CommentsTableViewCell.swift */; };
		F7B01E961EBBB7610023852A /* HomeEventTableViewCell.swift in Sources */ = {isa = PBXBuildFile; fileRef = F7B01E951EBBB7610023852A /* HomeEventTableViewCell.swift */; };
		F7B01E981EBBB7770023852A /* HomeTaskTableViewCell.swift in Sources */ = {isa = PBXBuildFile; fileRef = F7B01E971EBBB7770023852A /* HomeTaskTableViewCell.swift */; };
		F7B01E9A1EBDD5860023852A /* TaskTableViewCell.swift in Sources */ = {isa = PBXBuildFile; fileRef = F7B01E991EBDD5860023852A /* TaskTableViewCell.swift */; };
		F7B01E9C1EBEA2540023852A /* EventsMapViewController.swift in Sources */ = {isa = PBXBuildFile; fileRef = F7B01E9B1EBEA2540023852A /* EventsMapViewController.swift */; };
		F7B01E9E1EBFA1050023852A /* OldEventApi.swift in Sources */ = {isa = PBXBuildFile; fileRef = F7B01E9D1EBFA1050023852A /* OldEventApi.swift */; };
		F7F330D51EC12FE1008892DC /* EditPhotoViewController.swift in Sources */ = {isa = PBXBuildFile; fileRef = F7F330D41EC12FE1008892DC /* EditPhotoViewController.swift */; };
		F7F330D71EC281B6008892DC /* ColorControl.swift in Sources */ = {isa = PBXBuildFile; fileRef = F7F330D61EC281B6008892DC /* ColorControl.swift */; };
		F7F330D91EC28229008892DC /* Brightnessable.swift in Sources */ = {isa = PBXBuildFile; fileRef = F7F330D81EC28229008892DC /* Brightnessable.swift */; };
		F7F330DB1EC28248008892DC /* Contrastable.swift in Sources */ = {isa = PBXBuildFile; fileRef = F7F330DA1EC28248008892DC /* Contrastable.swift */; };
		F7F330DD1EC2825E008892DC /* Saturationable.swift in Sources */ = {isa = PBXBuildFile; fileRef = F7F330DC1EC2825E008892DC /* Saturationable.swift */; };
		F7F330DF1EC282CB008892DC /* Processable.swift in Sources */ = {isa = PBXBuildFile; fileRef = F7F330DE1EC282CB008892DC /* Processable.swift */; };
/* End PBXBuildFile section */

/* Begin PBXFileReference section */
		2044D7601EB14F26002AB803 /* GoogleService-Info.plist */ = {isa = PBXFileReference; fileEncoding = 4; lastKnownFileType = text.plist.xml; path = "GoogleService-Info.plist"; sourceTree = "<group>"; };
		820902291EBABFA5009C7C6D /* CalendarAPI.swift */ = {isa = PBXFileReference; fileEncoding = 4; lastKnownFileType = sourcecode.swift; path = CalendarAPI.swift; sourceTree = "<group>"; };
		8209022B1EBAC8C2009C7C6D /* CalViewController.swift */ = {isa = PBXFileReference; fileEncoding = 4; lastKnownFileType = sourcecode.swift; path = CalViewController.swift; sourceTree = "<group>"; };
		820EEE481EC5A577005700C9 /* HeadAddTableViewCell.swift */ = {isa = PBXFileReference; fileEncoding = 4; lastKnownFileType = sourcecode.swift; path = HeadAddTableViewCell.swift; sourceTree = "<group>"; };
		821B65BD1EAFF1C60078333B /* HomeViewController.swift */ = {isa = PBXFileReference; fileEncoding = 4; lastKnownFileType = sourcecode.swift; path = HomeViewController.swift; sourceTree = "<group>"; };
		821B65BF1EAFF1D60078333B /* TasksViewController.swift */ = {isa = PBXFileReference; fileEncoding = 4; lastKnownFileType = sourcecode.swift; path = TasksViewController.swift; sourceTree = "<group>"; };
		821B65C11EAFF1E90078333B /* MaterialViewController.swift */ = {isa = PBXFileReference; fileEncoding = 4; lastKnownFileType = sourcecode.swift; path = MaterialViewController.swift; sourceTree = "<group>"; };
		821B65C41EB007230078333B /* VideoView.swift */ = {isa = PBXFileReference; fileEncoding = 4; lastKnownFileType = sourcecode.swift; path = VideoView.swift; sourceTree = "<group>"; };
		821B65C91EB00FE20078333B /* EventSummaryTableViewCell.swift */ = {isa = PBXFileReference; fileEncoding = 4; lastKnownFileType = sourcecode.swift; path = EventSummaryTableViewCell.swift; sourceTree = "<group>"; };
		821B65CB1EB011070078333B /* User.swift */ = {isa = PBXFileReference; fileEncoding = 4; lastKnownFileType = sourcecode.swift; path = User.swift; sourceTree = "<group>"; };
		821B65CD1EB011160078333B /* Event.swift */ = {isa = PBXFileReference; fileEncoding = 4; lastKnownFileType = sourcecode.swift; path = Event.swift; sourceTree = "<group>"; };
		821B65CF1EB011290078333B /* Task.swift */ = {isa = PBXFileReference; fileEncoding = 4; lastKnownFileType = sourcecode.swift; path = Task.swift; sourceTree = "<group>"; };
		821B65D11EB011410078333B /* RSVP.swift */ = {isa = PBXFileReference; fileEncoding = 4; lastKnownFileType = sourcecode.swift; path = RSVP.swift; sourceTree = "<group>"; };
		821B65D31EB0115C0078333B /* Item.swift */ = {isa = PBXFileReference; fileEncoding = 4; lastKnownFileType = sourcecode.swift; path = Item.swift; sourceTree = "<group>"; };
		821B65D51EB03FCB0078333B /* GuestPickupView.swift */ = {isa = PBXFileReference; fileEncoding = 4; lastKnownFileType = sourcecode.swift; path = GuestPickupView.swift; sourceTree = "<group>"; };
		821B65D71EB0400C0078333B /* EventGuestCommentTableViewCell.swift */ = {isa = PBXFileReference; fileEncoding = 4; lastKnownFileType = sourcecode.swift; path = EventGuestCommentTableViewCell.swift; sourceTree = "<group>"; };
		821B65D91EB0403A0078333B /* EventMediaCollectionTableViewCell.swift */ = {isa = PBXFileReference; fileEncoding = 4; lastKnownFileType = sourcecode.swift; path = EventMediaCollectionTableViewCell.swift; sourceTree = "<group>"; };
		821B65DB1EB040500078333B /* EventGuestsTableViewCell.swift */ = {isa = PBXFileReference; fileEncoding = 4; lastKnownFileType = sourcecode.swift; path = EventGuestsTableViewCell.swift; sourceTree = "<group>"; };
		821B65DD1EB040B30078333B /* RSVPViewController.swift */ = {isa = PBXFileReference; fileEncoding = 4; lastKnownFileType = sourcecode.swift; path = RSVPViewController.swift; sourceTree = "<group>"; };
		821B65E11EB04ABD0078333B /* EventViewController.swift */ = {isa = PBXFileReference; fileEncoding = 4; lastKnownFileType = sourcecode.swift; path = EventViewController.swift; sourceTree = "<group>"; };
		821B65E31EB04B1C0078333B /* LoginViewController.swift */ = {isa = PBXFileReference; fileEncoding = 4; lastKnownFileType = sourcecode.swift; path = LoginViewController.swift; sourceTree = "<group>"; };
		821B65E51EB04C7E0078333B /* APIClient.swift */ = {isa = PBXFileReference; fileEncoding = 4; lastKnownFileType = sourcecode.swift; path = APIClient.swift; sourceTree = "<group>"; };
		821B65E81EB053B30078333B /* AVKit.framework */ = {isa = PBXFileReference; lastKnownFileType = wrapper.framework; name = AVKit.framework; path = System/Library/Frameworks/AVKit.framework; sourceTree = SDKROOT; };
		821B65EA1EB053BB0078333B /* AVFoundation.framework */ = {isa = PBXFileReference; lastKnownFileType = wrapper.framework; name = AVFoundation.framework; path = System/Library/Frameworks/AVFoundation.framework; sourceTree = SDKROOT; };
		826897E31EB65A0400C3B4D6 /* PhotoCollectionViewCell.swift */ = {isa = PBXFileReference; fileEncoding = 4; lastKnownFileType = sourcecode.swift; path = PhotoCollectionViewCell.swift; sourceTree = "<group>"; };
		82869EA11EC2CF5D0044AFCB /* GuestCollectionViewCell.swift */ = {isa = PBXFileReference; fileEncoding = 4; lastKnownFileType = sourcecode.swift; path = GuestCollectionViewCell.swift; sourceTree = "<group>"; };
		8298EBA01EC00D8100EBA37F /* EventTasksTableViewCell.swift */ = {isa = PBXFileReference; fileEncoding = 4; lastKnownFileType = sourcecode.swift; path = EventTasksTableViewCell.swift; sourceTree = "<group>"; };
		8298EBA21EC01C2800EBA37F /* CreateTaskViewController.swift */ = {isa = PBXFileReference; fileEncoding = 4; lastKnownFileType = sourcecode.swift; path = CreateTaskViewController.swift; sourceTree = "<group>"; };
		82A7F15E1EC6CE0600D03CC9 /* AddInfoViewController.swift */ = {isa = PBXFileReference; fileEncoding = 4; lastKnownFileType = sourcecode.swift; path = AddInfoViewController.swift; sourceTree = "<group>"; };
		82BABC931EC8D45800A70658 /* QCodeViewController.swift */ = {isa = PBXFileReference; fileEncoding = 4; lastKnownFileType = sourcecode.swift; path = QCodeViewController.swift; sourceTree = "<group>"; };
		82CCAEA51EBF9BCE00D3C71C /* PhotoBrowserViewController.swift */ = {isa = PBXFileReference; fileEncoding = 4; lastKnownFileType = sourcecode.swift; path = PhotoBrowserViewController.swift; sourceTree = "<group>"; };
		82D476401EC2A1790056CFF0 /* iOS-PartyPlanner-Bridging-Header.h */ = {isa = PBXFileReference; lastKnownFileType = sourcecode.c.h; path = "iOS-PartyPlanner-Bridging-Header.h"; sourceTree = "<group>"; };
		82D4AF091EB52D990087E0A6 /* PhotoesTableViewCell.swift */ = {isa = PBXFileReference; fileEncoding = 4; lastKnownFileType = sourcecode.swift; path = PhotoesTableViewCell.swift; sourceTree = "<group>"; };
		90C13D833579335699BC48A0 /* Pods-iOS-PartyPlanner.release.xcconfig */ = {isa = PBXFileReference; includeInIndex = 1; lastKnownFileType = text.xcconfig; name = "Pods-iOS-PartyPlanner.release.xcconfig"; path = "Pods/Target Support Files/Pods-iOS-PartyPlanner/Pods-iOS-PartyPlanner.release.xcconfig"; sourceTree = "<group>"; };
		96B49B93AA647D8D6A2EED1E /* Pods-iOS-PartyPlanner.debug.xcconfig */ = {isa = PBXFileReference; includeInIndex = 1; lastKnownFileType = text.xcconfig; name = "Pods-iOS-PartyPlanner.debug.xcconfig"; path = "Pods/Target Support Files/Pods-iOS-PartyPlanner/Pods-iOS-PartyPlanner.debug.xcconfig"; sourceTree = "<group>"; };
		A1470F331EAF20C600DE373A /* iOS-PartyPlanner.app */ = {isa = PBXFileReference; explicitFileType = wrapper.application; includeInIndex = 0; path = "iOS-PartyPlanner.app"; sourceTree = BUILT_PRODUCTS_DIR; };
		A1470F361EAF20C600DE373A /* AppDelegate.swift */ = {isa = PBXFileReference; lastKnownFileType = sourcecode.swift; path = AppDelegate.swift; sourceTree = "<group>"; };
		A1470F3B1EAF20C600DE373A /* Base */ = {isa = PBXFileReference; lastKnownFileType = file.storyboard; name = Base; path = Base.lproj/Main.storyboard; sourceTree = "<group>"; };
		A1470F3D1EAF20C600DE373A /* Assets.xcassets */ = {isa = PBXFileReference; lastKnownFileType = folder.assetcatalog; path = Assets.xcassets; sourceTree = "<group>"; };
		A1470F401EAF20C600DE373A /* Base */ = {isa = PBXFileReference; lastKnownFileType = file.storyboard; name = Base; path = Base.lproj/LaunchScreen.storyboard; sourceTree = "<group>"; };
		A1470F421EAF20C600DE373A /* Info.plist */ = {isa = PBXFileReference; lastKnownFileType = text.plist.xml; path = Info.plist; sourceTree = "<group>"; };
		A1470F6C1EB17AA600DE373A /* Comment.swift */ = {isa = PBXFileReference; fileEncoding = 4; lastKnownFileType = sourcecode.swift; path = Comment.swift; sourceTree = "<group>"; };
		A14EE5F31EB51BAD006889D1 /* Uitls.swift */ = {isa = PBXFileReference; fileEncoding = 4; lastKnownFileType = sourcecode.swift; path = Uitls.swift; sourceTree = "<group>"; };
		A18AB06E1EC19D3B00E83B0C /* MediaApi.swift */ = {isa = PBXFileReference; fileEncoding = 4; lastKnownFileType = sourcecode.swift; path = MediaApi.swift; sourceTree = "<group>"; };
		A18AB0731EC19E7E00E83B0C /* EventCreationViewController.swift */ = {isa = PBXFileReference; fileEncoding = 4; lastKnownFileType = sourcecode.swift; path = EventCreationViewController.swift; sourceTree = "<group>"; };
		A18AB0751EC1A17700E83B0C /* ImageCell.swift */ = {isa = PBXFileReference; fileEncoding = 4; lastKnownFileType = sourcecode.swift; path = ImageCell.swift; sourceTree = "<group>"; };
		A18AB0761EC1A17700E83B0C /* ImageCell.xib */ = {isa = PBXFileReference; fileEncoding = 4; lastKnownFileType = file.xib; path = ImageCell.xib; sourceTree = "<group>"; };
		A190B16E1EB66D7F006328AF /* EventApi.swift */ = {isa = PBXFileReference; fileEncoding = 4; lastKnownFileType = sourcecode.swift; path = EventApi.swift; sourceTree = "<group>"; };
		A190B16F1EB66D7F006328AF /* ItemApi.swift */ = {isa = PBXFileReference; fileEncoding = 4; lastKnownFileType = sourcecode.swift; path = ItemApi.swift; sourceTree = "<group>"; };
		A190B1701EB66D7F006328AF /* RsvpApi.swift */ = {isa = PBXFileReference; fileEncoding = 4; lastKnownFileType = sourcecode.swift; path = RsvpApi.swift; sourceTree = "<group>"; };
		A190B1711EB66D7F006328AF /* TaskApi.swift */ = {isa = PBXFileReference; fileEncoding = 4; lastKnownFileType = sourcecode.swift; path = TaskApi.swift; sourceTree = "<group>"; };
		A190B1761EB67D2B006328AF /* UserApi.swift */ = {isa = PBXFileReference; fileEncoding = 4; lastKnownFileType = sourcecode.swift; path = UserApi.swift; sourceTree = "<group>"; };
		A190B1791EB68B0D006328AF /* CommentApi.swift */ = {isa = PBXFileReference; fileEncoding = 4; lastKnownFileType = sourcecode.swift; path = CommentApi.swift; sourceTree = "<group>"; };
		A1A59FDA1EC978D6002DDFC8 /* check_pop.json */ = {isa = PBXFileReference; fileEncoding = 4; lastKnownFileType = text.json; path = check_pop.json; sourceTree = "<group>"; };
		A1A59FDB1EC978D6002DDFC8 /* party.json */ = {isa = PBXFileReference; fileEncoding = 4; lastKnownFileType = text.json; path = party.json; sourceTree = "<group>"; };
		A1B731081EC2BA6A00976FB8 /* LocationsViewController.swift */ = {isa = PBXFileReference; fileEncoding = 4; lastKnownFileType = sourcecode.swift; path = LocationsViewController.swift; sourceTree = "<group>"; };
		A1B7310B1EC2BADC00976FB8 /* LocationCell.swift */ = {isa = PBXFileReference; fileEncoding = 4; lastKnownFileType = sourcecode.swift; path = LocationCell.swift; sourceTree = "<group>"; };
		A1C1BB131EC7D81C00D316B8 /* back_arrow.json */ = {isa = PBXFileReference; fileEncoding = 4; lastKnownFileType = text.json; path = back_arrow.json; sourceTree = "<group>"; };
		A1C1BB141EC7D81C00D316B8 /* splashy_loader.json */ = {isa = PBXFileReference; fileEncoding = 4; lastKnownFileType = text.json; path = splashy_loader.json; sourceTree = "<group>"; };
		A1C1BB171EC7E0E800D316B8 /* pen_tool_loop.json */ = {isa = PBXFileReference; fileEncoding = 4; lastKnownFileType = text.json; path = pen_tool_loop.json; sourceTree = "<group>"; };
		A1C1BB181EC7E0E800D316B8 /* pencil_write.json */ = {isa = PBXFileReference; fileEncoding = 4; lastKnownFileType = text.json; path = pencil_write.json; sourceTree = "<group>"; };
		A1C1BB191EC7E0E800D316B8 /* simple_check.json */ = {isa = PBXFileReference; fileEncoding = 4; lastKnownFileType = text.json; path = simple_check.json; sourceTree = "<group>"; };
		A1C1BB1A1EC7E0E800D316B8 /* spacehub.json */ = {isa = PBXFileReference; fileEncoding = 4; lastKnownFileType = text.json; path = spacehub.json; sourceTree = "<group>"; };
		A1C1BB1F1EC7E4FA00D316B8 /* material_load.json */ = {isa = PBXFileReference; fileEncoding = 4; lastKnownFileType = text.json; path = material_load.json; sourceTree = "<group>"; };
		A1DFE1401EC6400A007AE912 /* AddContactsViewController.swift */ = {isa = PBXFileReference; fileEncoding = 4; lastKnownFileType = sourcecode.swift; path = AddContactsViewController.swift; sourceTree = "<group>"; };
		A1DFE1411EC6400A007AE912 /* ContactSelectionCell.swift */ = {isa = PBXFileReference; fileEncoding = 4; lastKnownFileType = sourcecode.swift; path = ContactSelectionCell.swift; sourceTree = "<group>"; };
		A1F708001EC246F0004F7328 /* TextInputCell2.swift */ = {isa = PBXFileReference; fileEncoding = 4; lastKnownFileType = sourcecode.swift; path = TextInputCell2.swift; sourceTree = "<group>"; };
		BA8DCCBDCBEA68C30D6893BC /* Pods_iOS_PartyPlanner.framework */ = {isa = PBXFileReference; explicitFileType = wrapper.framework; includeInIndex = 0; path = Pods_iOS_PartyPlanner.framework; sourceTree = BUILT_PRODUCTS_DIR; };
		F7B01E8F1EB7EC190023852A /* EventDetailViewController.swift */ = {isa = PBXFileReference; fileEncoding = 4; lastKnownFileType = sourcecode.swift; path = EventDetailViewController.swift; sourceTree = "<group>"; };
		F7B01E911EB7F4C70023852A /* MediaCollectionViewCell.swift */ = {isa = PBXFileReference; fileEncoding = 4; lastKnownFileType = sourcecode.swift; path = MediaCollectionViewCell.swift; sourceTree = "<group>"; };
		F7B01E931EB7F4E30023852A /* CommentsTableViewCell.swift */ = {isa = PBXFileReference; fileEncoding = 4; lastKnownFileType = sourcecode.swift; path = CommentsTableViewCell.swift; sourceTree = "<group>"; };
		F7B01E951EBBB7610023852A /* HomeEventTableViewCell.swift */ = {isa = PBXFileReference; fileEncoding = 4; lastKnownFileType = sourcecode.swift; path = HomeEventTableViewCell.swift; sourceTree = "<group>"; };
		F7B01E971EBBB7770023852A /* HomeTaskTableViewCell.swift */ = {isa = PBXFileReference; fileEncoding = 4; lastKnownFileType = sourcecode.swift; path = HomeTaskTableViewCell.swift; sourceTree = "<group>"; };
		F7B01E991EBDD5860023852A /* TaskTableViewCell.swift */ = {isa = PBXFileReference; fileEncoding = 4; lastKnownFileType = sourcecode.swift; path = TaskTableViewCell.swift; sourceTree = "<group>"; };
		F7B01E9B1EBEA2540023852A /* EventsMapViewController.swift */ = {isa = PBXFileReference; fileEncoding = 4; lastKnownFileType = sourcecode.swift; path = EventsMapViewController.swift; sourceTree = "<group>"; };
		F7B01E9D1EBFA1050023852A /* OldEventApi.swift */ = {isa = PBXFileReference; fileEncoding = 4; lastKnownFileType = sourcecode.swift; path = OldEventApi.swift; sourceTree = "<group>"; };
		F7F330D41EC12FE1008892DC /* EditPhotoViewController.swift */ = {isa = PBXFileReference; fileEncoding = 4; lastKnownFileType = sourcecode.swift; path = EditPhotoViewController.swift; sourceTree = "<group>"; };
		F7F330D61EC281B6008892DC /* ColorControl.swift */ = {isa = PBXFileReference; fileEncoding = 4; lastKnownFileType = sourcecode.swift; path = ColorControl.swift; sourceTree = "<group>"; };
		F7F330D81EC28229008892DC /* Brightnessable.swift */ = {isa = PBXFileReference; fileEncoding = 4; lastKnownFileType = sourcecode.swift; path = Brightnessable.swift; sourceTree = "<group>"; };
		F7F330DA1EC28248008892DC /* Contrastable.swift */ = {isa = PBXFileReference; fileEncoding = 4; lastKnownFileType = sourcecode.swift; path = Contrastable.swift; sourceTree = "<group>"; };
		F7F330DC1EC2825E008892DC /* Saturationable.swift */ = {isa = PBXFileReference; fileEncoding = 4; lastKnownFileType = sourcecode.swift; path = Saturationable.swift; sourceTree = "<group>"; };
		F7F330DE1EC282CB008892DC /* Processable.swift */ = {isa = PBXFileReference; fileEncoding = 4; lastKnownFileType = sourcecode.swift; path = Processable.swift; sourceTree = "<group>"; };
/* End PBXFileReference section */

/* Begin PBXFrameworksBuildPhase section */
		A1470F301EAF20C600DE373A /* Frameworks */ = {
			isa = PBXFrameworksBuildPhase;
			buildActionMask = 2147483647;
			files = (
				821B65EB1EB053BB0078333B /* AVFoundation.framework in Frameworks */,
				821B65E91EB053B30078333B /* AVKit.framework in Frameworks */,
				23BA99FF7269C05C70C2274A /* Pods_iOS_PartyPlanner.framework in Frameworks */,
			);
			runOnlyForDeploymentPostprocessing = 0;
		};
/* End PBXFrameworksBuildPhase section */

/* Begin PBXGroup section */
		820902281EBABF77009C7C6D /* Calendar */ = {
			isa = PBXGroup;
			children = (
				820902291EBABFA5009C7C6D /* CalendarAPI.swift */,
			);
			name = Calendar;
			sourceTree = "<group>";
		};
		821B65C31EB006FF0078333B /* UIComponents */ = {
			isa = PBXGroup;
			children = (
				A18AB0751EC1A17700E83B0C /* ImageCell.swift */,
				A18AB0761EC1A17700E83B0C /* ImageCell.xib */,
				821B65C41EB007230078333B /* VideoView.swift */,
			);
			name = UIComponents;
			sourceTree = "<group>";
		};
		821B65C81EB00FAC0078333B /* TableViewCell */ = {
			isa = PBXGroup;
			children = (
				A1B7310A1EC2BABA00976FB8 /* Event Creation */,
				821B65C91EB00FE20078333B /* EventSummaryTableViewCell.swift */,
				821B65D71EB0400C0078333B /* EventGuestCommentTableViewCell.swift */,
				821B65D91EB0403A0078333B /* EventMediaCollectionTableViewCell.swift */,
				821B65DB1EB040500078333B /* EventGuestsTableViewCell.swift */,
				8298EBA01EC00D8100EBA37F /* EventTasksTableViewCell.swift */,
				F7B01E911EB7F4C70023852A /* MediaCollectionViewCell.swift */,
				F7B01E931EB7F4E30023852A /* CommentsTableViewCell.swift */,
				82D4AF091EB52D990087E0A6 /* PhotoesTableViewCell.swift */,
				F7B01E951EBBB7610023852A /* HomeEventTableViewCell.swift */,
				F7B01E971EBBB7770023852A /* HomeTaskTableViewCell.swift */,
				F7B01E991EBDD5860023852A /* TaskTableViewCell.swift */,
				820EEE481EC5A577005700C9 /* HeadAddTableViewCell.swift */,
			);
			name = TableViewCell;
			sourceTree = "<group>";
		};
		821B65E71EB053B30078333B /* Frameworks */ = {
			isa = PBXGroup;
			children = (
				821B65EA1EB053BB0078333B /* AVFoundation.framework */,
				821B65E81EB053B30078333B /* AVKit.framework */,
				BA8DCCBDCBEA68C30D6893BC /* Pods_iOS_PartyPlanner.framework */,
			);
			name = Frameworks;
			sourceTree = "<group>";
		};
		826897E21EB659DD00C3B4D6 /* CollectionViewCell */ = {
			isa = PBXGroup;
			children = (
				826897E31EB65A0400C3B4D6 /* PhotoCollectionViewCell.swift */,
				82869EA11EC2CF5D0044AFCB /* GuestCollectionViewCell.swift */,
			);
			name = CollectionViewCell;
			sourceTree = "<group>";
		};
		84E3C8EBDAFBEAD0E29C4BE4 /* Pods */ = {
			isa = PBXGroup;
			children = (
				96B49B93AA647D8D6A2EED1E /* Pods-iOS-PartyPlanner.debug.xcconfig */,
				90C13D833579335699BC48A0 /* Pods-iOS-PartyPlanner.release.xcconfig */,
			);
			name = Pods;
			sourceTree = "<group>";
		};
		A1470F2A1EAF20C600DE373A = {
			isa = PBXGroup;
			children = (
				A1470F351EAF20C600DE373A /* iOS-PartyPlanner */,
				A1470F341EAF20C600DE373A /* Products */,
				821B65E71EB053B30078333B /* Frameworks */,
				84E3C8EBDAFBEAD0E29C4BE4 /* Pods */,
			);
			sourceTree = "<group>";
		};
		A1470F341EAF20C600DE373A /* Products */ = {
			isa = PBXGroup;
			children = (
				A1470F331EAF20C600DE373A /* iOS-PartyPlanner.app */,
			);
			name = Products;
			sourceTree = "<group>";
		};
		A1470F351EAF20C600DE373A /* iOS-PartyPlanner */ = {
			isa = PBXGroup;
			children = (
				A1470F3D1EAF20C600DE373A /* Assets.xcassets */,
				A14EE5F21EB51B98006889D1 /* Utils */,
				820902281EBABF77009C7C6D /* Calendar */,
				A1470F4D1EAF244000DE373A /* ViewControllers */,
				A1470F4C1EAF243B00DE373A /* Views */,
				A1470F4B1EAF243200DE373A /* APIs */,
				A1470F481EAF241B00DE373A /* Models */,
				A1470F361EAF20C600DE373A /* AppDelegate.swift */,
				A1470F3A1EAF20C600DE373A /* Main.storyboard */,
				A1470F3F1EAF20C600DE373A /* LaunchScreen.storyboard */,
				A1470F421EAF20C600DE373A /* Info.plist */,
				2044D7601EB14F26002AB803 /* GoogleService-Info.plist */,
				82D476401EC2A1790056CFF0 /* iOS-PartyPlanner-Bridging-Header.h */,
			);
			path = "iOS-PartyPlanner";
			sourceTree = "<group>";
		};
		A1470F481EAF241B00DE373A /* Models */ = {
			isa = PBXGroup;
			children = (
				821B65CB1EB011070078333B /* User.swift */,
				821B65CD1EB011160078333B /* Event.swift */,
				821B65CF1EB011290078333B /* Task.swift */,
				821B65D11EB011410078333B /* RSVP.swift */,
				821B65D31EB0115C0078333B /* Item.swift */,
				A1470F6C1EB17AA600DE373A /* Comment.swift */,
			);
			name = Models;
			sourceTree = "<group>";
		};
		A1470F4B1EAF243200DE373A /* APIs */ = {
			isa = PBXGroup;
			children = (
				A190B16E1EB66D7F006328AF /* EventApi.swift */,
				A190B16F1EB66D7F006328AF /* ItemApi.swift */,
				A190B1701EB66D7F006328AF /* RsvpApi.swift */,
				A190B1711EB66D7F006328AF /* TaskApi.swift */,
				821B65E51EB04C7E0078333B /* APIClient.swift */,
				A190B1761EB67D2B006328AF /* UserApi.swift */,
				A190B1791EB68B0D006328AF /* CommentApi.swift */,
				F7B01E9D1EBFA1050023852A /* OldEventApi.swift */,
				A18AB06E1EC19D3B00E83B0C /* MediaApi.swift */,
			);
			name = APIs;
			sourceTree = "<group>";
		};
		A1470F4C1EAF243B00DE373A /* Views */ = {
			isa = PBXGroup;
			children = (
				A1C1BB121EC7D80600D316B8 /* Lottie Animations */,
				826897E21EB659DD00C3B4D6 /* CollectionViewCell */,
				821B65C81EB00FAC0078333B /* TableViewCell */,
				821B65C31EB006FF0078333B /* UIComponents */,
			);
			name = Views;
			sourceTree = "<group>";
		};
		A1470F4D1EAF244000DE373A /* ViewControllers */ = {
			isa = PBXGroup;
			children = (
				A1B731071EC2BA3200976FB8 /* Event Creation */,
				821B65BD1EAFF1C60078333B /* HomeViewController.swift */,
				821B65BF1EAFF1D60078333B /* TasksViewController.swift */,
				821B65C11EAFF1E90078333B /* MaterialViewController.swift */,
				821B65D51EB03FCB0078333B /* GuestPickupView.swift */,
				821B65DD1EB040B30078333B /* RSVPViewController.swift */,
				821B65E11EB04ABD0078333B /* EventViewController.swift */,
				821B65E31EB04B1C0078333B /* LoginViewController.swift */,
				F7B01E8F1EB7EC190023852A /* EventDetailViewController.swift */,
				8209022B1EBAC8C2009C7C6D /* CalViewController.swift */,
				F7B01E9B1EBEA2540023852A /* EventsMapViewController.swift */,
				82CCAEA51EBF9BCE00D3C71C /* PhotoBrowserViewController.swift */,
				8298EBA21EC01C2800EBA37F /* CreateTaskViewController.swift */,
				F7F330D41EC12FE1008892DC /* EditPhotoViewController.swift */,
				82A7F15E1EC6CE0600D03CC9 /* AddInfoViewController.swift */,
				82BABC931EC8D45800A70658 /* QCodeViewController.swift */,
			);
			name = ViewControllers;
			sourceTree = "<group>";
		};
		A14EE5F21EB51B98006889D1 /* Utils */ = {
			isa = PBXGroup;
			children = (
				A14EE5F31EB51BAD006889D1 /* Uitls.swift */,
				F7F330D61EC281B6008892DC /* ColorControl.swift */,
				F7F330D81EC28229008892DC /* Brightnessable.swift */,
				F7F330DA1EC28248008892DC /* Contrastable.swift */,
				F7F330DC1EC2825E008892DC /* Saturationable.swift */,
				F7F330DE1EC282CB008892DC /* Processable.swift */,
			);
			name = Utils;
			sourceTree = "<group>";
		};
		A1B731071EC2BA3200976FB8 /* Event Creation */ = {
			isa = PBXGroup;
			children = (
				A1DFE1401EC6400A007AE912 /* AddContactsViewController.swift */,
				A1DFE1411EC6400A007AE912 /* ContactSelectionCell.swift */,
				A18AB0731EC19E7E00E83B0C /* EventCreationViewController.swift */,
				A1B731081EC2BA6A00976FB8 /* LocationsViewController.swift */,
			);
			name = "Event Creation";
			sourceTree = "<group>";
		};
		A1B7310A1EC2BABA00976FB8 /* Event Creation */ = {
			isa = PBXGroup;
			children = (
				A1F708001EC246F0004F7328 /* TextInputCell2.swift */,
				A1B7310B1EC2BADC00976FB8 /* LocationCell.swift */,
			);
			name = "Event Creation";
			sourceTree = "<group>";
		};
		A1C1BB121EC7D80600D316B8 /* Lottie Animations */ = {
			isa = PBXGroup;
			children = (
				A1C1BB171EC7E0E800D316B8 /* pen_tool_loop.json */,
				A1C1BB181EC7E0E800D316B8 /* pencil_write.json */,
				A1C1BB191EC7E0E800D316B8 /* simple_check.json */,
				A1C1BB1F1EC7E4FA00D316B8 /* material_load.json */,
				A1C1BB1A1EC7E0E800D316B8 /* spacehub.json */,
				A1A59FDA1EC978D6002DDFC8 /* check_pop.json */,
				A1A59FDB1EC978D6002DDFC8 /* party.json */,
				A1C1BB131EC7D81C00D316B8 /* back_arrow.json */,
				A1C1BB141EC7D81C00D316B8 /* splashy_loader.json */,
			);
			name = "Lottie Animations";
			sourceTree = "<group>";
		};
/* End PBXGroup section */

/* Begin PBXNativeTarget section */
		A1470F321EAF20C600DE373A /* iOS-PartyPlanner */ = {
			isa = PBXNativeTarget;
			buildConfigurationList = A1470F451EAF20C600DE373A /* Build configuration list for PBXNativeTarget "iOS-PartyPlanner" */;
			buildPhases = (
				58EB7BC6B2D91DF6663392E0 /* [CP] Check Pods Manifest.lock */,
				A1470F2F1EAF20C600DE373A /* Sources */,
				A1470F301EAF20C600DE373A /* Frameworks */,
				A1470F311EAF20C600DE373A /* Resources */,
				6E784677F281C773C25D3B6D /* [CP] Embed Pods Frameworks */,
				EEE73D99978E25283AF0B3DB /* [CP] Copy Pods Resources */,
				20D9642B1EB2AB6900AF75D0 /* ShellScript */,
			);
			buildRules = (
			);
			dependencies = (
			);
			name = "iOS-PartyPlanner";
			productName = "iOS-PartyPlanner";
			productReference = A1470F331EAF20C600DE373A /* iOS-PartyPlanner.app */;
			productType = "com.apple.product-type.application";
		};
/* End PBXNativeTarget section */

/* Begin PBXProject section */
		A1470F2B1EAF20C600DE373A /* Project object */ = {
			isa = PBXProject;
			attributes = {
				LastSwiftUpdateCheck = 0830;
				LastUpgradeCheck = 0830;
				ORGANIZATIONNAME = PartyDevs;
				TargetAttributes = {
					A1470F321EAF20C600DE373A = {
						CreatedOnToolsVersion = 8.3;
						DevelopmentTeam = 5NFEH37HHC;
						LastSwiftMigration = 0830;
						ProvisioningStyle = Automatic;
						SystemCapabilities = {
							com.apple.Keychain = {
								enabled = 1;
							};
						};
					};
				};
			};
			buildConfigurationList = A1470F2E1EAF20C600DE373A /* Build configuration list for PBXProject "iOS-PartyPlanner" */;
			compatibilityVersion = "Xcode 3.2";
			developmentRegion = English;
			hasScannedForEncodings = 0;
			knownRegions = (
				en,
				Base,
			);
			mainGroup = A1470F2A1EAF20C600DE373A;
			productRefGroup = A1470F341EAF20C600DE373A /* Products */;
			projectDirPath = "";
			projectRoot = "";
			targets = (
				A1470F321EAF20C600DE373A /* iOS-PartyPlanner */,
			);
		};
/* End PBXProject section */

/* Begin PBXResourcesBuildPhase section */
		A1470F311EAF20C600DE373A /* Resources */ = {
			isa = PBXResourcesBuildPhase;
			buildActionMask = 2147483647;
			files = (
				A1C1BB1C1EC7E0E800D316B8 /* pencil_write.json in Resources */,
				A1470F411EAF20C600DE373A /* LaunchScreen.storyboard in Resources */,
				A1C1BB151EC7D81C00D316B8 /* back_arrow.json in Resources */,
				2044D7611EB14F26002AB803 /* GoogleService-Info.plist in Resources */,
				A1C1BB201EC7E4FB00D316B8 /* material_load.json in Resources */,
				A1470F3E1EAF20C600DE373A /* Assets.xcassets in Resources */,
				A1C1BB161EC7D81C00D316B8 /* splashy_loader.json in Resources */,
				A18AB07A1EC1A17700E83B0C /* ImageCell.xib in Resources */,
				A1A59FDC1EC978D6002DDFC8 /* check_pop.json in Resources */,
				A1C1BB1E1EC7E0E800D316B8 /* spacehub.json in Resources */,
				A1C1BB1D1EC7E0E800D316B8 /* simple_check.json in Resources */,
				A1470F3C1EAF20C600DE373A /* Main.storyboard in Resources */,
				A1A59FDD1EC978D6002DDFC8 /* party.json in Resources */,
				A1C1BB1B1EC7E0E800D316B8 /* pen_tool_loop.json in Resources */,
			);
			runOnlyForDeploymentPostprocessing = 0;
		};
/* End PBXResourcesBuildPhase section */

/* Begin PBXShellScriptBuildPhase section */
		20D9642B1EB2AB6900AF75D0 /* ShellScript */ = {
			isa = PBXShellScriptBuildPhase;
			buildActionMask = 2147483647;
			files = (
			);
			inputPaths = (
			);
			outputPaths = (
			);
			runOnlyForDeploymentPostprocessing = 0;
			shellPath = /bin/sh;
			shellScript = "\"${PODS_ROOT}/Fabric/run\" 60435a67414f14ed43a413382b4ec2409caa5406 a5acb084877a5e2f40be96bae48f9fd9e57c77acb65f66166bf23314822e3e4e ";
		};
		58EB7BC6B2D91DF6663392E0 /* [CP] Check Pods Manifest.lock */ = {
			isa = PBXShellScriptBuildPhase;
			buildActionMask = 2147483647;
			files = (
			);
			inputPaths = (
			);
			name = "[CP] Check Pods Manifest.lock";
			outputPaths = (
			);
			runOnlyForDeploymentPostprocessing = 0;
			shellPath = /bin/sh;
			shellScript = "diff \"${PODS_PODFILE_DIR_PATH}/Podfile.lock\" \"${PODS_ROOT}/Manifest.lock\" > /dev/null\nif [ $? != 0 ] ; then\n    # print error to STDERR\n    echo \"error: The sandbox is not in sync with the Podfile.lock. Run 'pod install' or update your CocoaPods installation.\" >&2\n    exit 1\nfi\n";
			showEnvVarsInLog = 0;
		};
		6E784677F281C773C25D3B6D /* [CP] Embed Pods Frameworks */ = {
			isa = PBXShellScriptBuildPhase;
			buildActionMask = 2147483647;
			files = (
			);
			inputPaths = (
			);
			name = "[CP] Embed Pods Frameworks";
			outputPaths = (
			);
			runOnlyForDeploymentPostprocessing = 0;
			shellPath = /bin/sh;
			shellScript = "\"${SRCROOT}/Pods/Target Support Files/Pods-iOS-PartyPlanner/Pods-iOS-PartyPlanner-frameworks.sh\"\n";
			showEnvVarsInLog = 0;
		};
		EEE73D99978E25283AF0B3DB /* [CP] Copy Pods Resources */ = {
			isa = PBXShellScriptBuildPhase;
			buildActionMask = 2147483647;
			files = (
			);
			inputPaths = (
			);
			name = "[CP] Copy Pods Resources";
			outputPaths = (
			);
			runOnlyForDeploymentPostprocessing = 0;
			shellPath = /bin/sh;
			shellScript = "\"${SRCROOT}/Pods/Target Support Files/Pods-iOS-PartyPlanner/Pods-iOS-PartyPlanner-resources.sh\"\n";
			showEnvVarsInLog = 0;
		};
/* End PBXShellScriptBuildPhase section */

/* Begin PBXSourcesBuildPhase section */
		A1470F2F1EAF20C600DE373A /* Sources */ = {
			isa = PBXSourcesBuildPhase;
			buildActionMask = 2147483647;
			files = (
				82CCAEA61EBF9BCE00D3C71C /* PhotoBrowserViewController.swift in Sources */,
				821B65E41EB04B1C0078333B /* LoginViewController.swift in Sources */,
				8209022C1EBAC8C2009C7C6D /* CalViewController.swift in Sources */,
				F7B01E9C1EBEA2540023852A /* EventsMapViewController.swift in Sources */,
				8209022A1EBABFA5009C7C6D /* CalendarAPI.swift in Sources */,
				821B65CA1EB00FE20078333B /* EventSummaryTableViewCell.swift in Sources */,
				A1F708011EC246F0004F7328 /* TextInputCell2.swift in Sources */,
				A1B731091EC2BA6A00976FB8 /* LocationsViewController.swift in Sources */,
				821B65C51EB007230078333B /* VideoView.swift in Sources */,
				F7F330DB1EC28248008892DC /* Contrastable.swift in Sources */,
				821B65DA1EB0403A0078333B /* EventMediaCollectionTableViewCell.swift in Sources */,
				A14EE5F41EB51BAD006889D1 /* Uitls.swift in Sources */,
				A18AB0741EC19E7E00E83B0C /* EventCreationViewController.swift in Sources */,
				A190B1741EB66D7F006328AF /* RsvpApi.swift in Sources */,
				A190B1721EB66D7F006328AF /* EventApi.swift in Sources */,
				82869EA21EC2CF5D0044AFCB /* GuestCollectionViewCell.swift in Sources */,
				F7B01E941EB7F4E30023852A /* CommentsTableViewCell.swift in Sources */,
				F7B01E9E1EBFA1050023852A /* OldEventApi.swift in Sources */,
				F7F330D71EC281B6008892DC /* ColorControl.swift in Sources */,
				821B65D81EB0400C0078333B /* EventGuestCommentTableViewCell.swift in Sources */,
				A1DFE1421EC6400A007AE912 /* AddContactsViewController.swift in Sources */,
				A18AB06F1EC19D3B00E83B0C /* MediaApi.swift in Sources */,
				82BABC941EC8D45800A70658 /* QCodeViewController.swift in Sources */,
				821B65CE1EB011160078333B /* Event.swift in Sources */,
				F7F330D51EC12FE1008892DC /* EditPhotoViewController.swift in Sources */,
				821B65E61EB04C7E0078333B /* APIClient.swift in Sources */,
				A18AB0791EC1A17700E83B0C /* ImageCell.swift in Sources */,
				A1DFE1431EC6400A007AE912 /* ContactSelectionCell.swift in Sources */,
				821B65E21EB04ABD0078333B /* EventViewController.swift in Sources */,
				82A7F15F1EC6CE0600D03CC9 /* AddInfoViewController.swift in Sources */,
				A190B1771EB67D2B006328AF /* UserApi.swift in Sources */,
				821B65CC1EB011070078333B /* User.swift in Sources */,
				821B65C21EAFF1E90078333B /* MaterialViewController.swift in Sources */,
				821B65BE1EAFF1C60078333B /* HomeViewController.swift in Sources */,
				826897E41EB65A0400C3B4D6 /* PhotoCollectionViewCell.swift in Sources */,
				821B65D21EB011410078333B /* RSVP.swift in Sources */,
				821B65DC1EB040500078333B /* EventGuestsTableViewCell.swift in Sources */,
				821B65DE1EB040B30078333B /* RSVPViewController.swift in Sources */,
				821B65D41EB0115C0078333B /* Item.swift in Sources */,
				A190B1751EB66D7F006328AF /* TaskApi.swift in Sources */,
				F7F330DD1EC2825E008892DC /* Saturationable.swift in Sources */,
				F7F330DF1EC282CB008892DC /* Processable.swift in Sources */,
				F7B01E981EBBB7770023852A /* HomeTaskTableViewCell.swift in Sources */,
				F7B01E921EB7F4C70023852A /* MediaCollectionViewCell.swift in Sources */,
				A1470F6D1EB17AA600DE373A /* Comment.swift in Sources */,
				821B65C01EAFF1D60078333B /* TasksViewController.swift in Sources */,
				A190B1731EB66D7F006328AF /* ItemApi.swift in Sources */,
				821B65D01EB011290078333B /* Task.swift in Sources */,
				A190B17A1EB68B0D006328AF /* CommentApi.swift in Sources */,
				A1470F371EAF20C600DE373A /* AppDelegate.swift in Sources */,
				82D4AF0A1EB52D990087E0A6 /* PhotoesTableViewCell.swift in Sources */,
				F7B01E961EBBB7610023852A /* HomeEventTableViewCell.swift in Sources */,
				F7B01E901EB7EC190023852A /* EventDetailViewController.swift in Sources */,
				F7F330D91EC28229008892DC /* Brightnessable.swift in Sources */,
				F7B01E9A1EBDD5860023852A /* TaskTableViewCell.swift in Sources */,
				A1B7310C1EC2BADC00976FB8 /* LocationCell.swift in Sources */,
				821B65D61EB03FCB0078333B /* GuestPickupView.swift in Sources */,
				8298EBA11EC00D8100EBA37F /* EventTasksTableViewCell.swift in Sources */,
				8298EBA31EC01C2800EBA37F /* CreateTaskViewController.swift in Sources */,
				820EEE491EC5A577005700C9 /* HeadAddTableViewCell.swift in Sources */,
			);
			runOnlyForDeploymentPostprocessing = 0;
		};
/* End PBXSourcesBuildPhase section */

/* Begin PBXVariantGroup section */
		A1470F3A1EAF20C600DE373A /* Main.storyboard */ = {
			isa = PBXVariantGroup;
			children = (
				A1470F3B1EAF20C600DE373A /* Base */,
			);
			name = Main.storyboard;
			sourceTree = "<group>";
		};
		A1470F3F1EAF20C600DE373A /* LaunchScreen.storyboard */ = {
			isa = PBXVariantGroup;
			children = (
				A1470F401EAF20C600DE373A /* Base */,
			);
			name = LaunchScreen.storyboard;
			sourceTree = "<group>";
		};
/* End PBXVariantGroup section */

/* Begin XCBuildConfiguration section */
		A1470F431EAF20C600DE373A /* Debug */ = {
			isa = XCBuildConfiguration;
			buildSettings = {
				ALWAYS_SEARCH_USER_PATHS = NO;
				CLANG_ANALYZER_NONNULL = YES;
				CLANG_ANALYZER_NUMBER_OBJECT_CONVERSION = YES_AGGRESSIVE;
				CLANG_CXX_LANGUAGE_STANDARD = "gnu++0x";
				CLANG_CXX_LIBRARY = "libc++";
				CLANG_ENABLE_MODULES = YES;
				CLANG_ENABLE_OBJC_ARC = YES;
				CLANG_WARN_BOOL_CONVERSION = YES;
				CLANG_WARN_CONSTANT_CONVERSION = YES;
				CLANG_WARN_DIRECT_OBJC_ISA_USAGE = YES_ERROR;
				CLANG_WARN_DOCUMENTATION_COMMENTS = YES;
				CLANG_WARN_EMPTY_BODY = YES;
				CLANG_WARN_ENUM_CONVERSION = YES;
				CLANG_WARN_INFINITE_RECURSION = YES;
				CLANG_WARN_INT_CONVERSION = YES;
				CLANG_WARN_OBJC_ROOT_CLASS = YES_ERROR;
				CLANG_WARN_SUSPICIOUS_MOVE = YES;
				CLANG_WARN_UNREACHABLE_CODE = YES;
				CLANG_WARN__DUPLICATE_METHOD_MATCH = YES;
				"CODE_SIGN_IDENTITY[sdk=iphoneos*]" = "iPhone Developer";
				COPY_PHASE_STRIP = NO;
				DEBUG_INFORMATION_FORMAT = dwarf;
				ENABLE_STRICT_OBJC_MSGSEND = YES;
				ENABLE_TESTABILITY = YES;
				GCC_C_LANGUAGE_STANDARD = gnu99;
				GCC_DYNAMIC_NO_PIC = NO;
				GCC_NO_COMMON_BLOCKS = YES;
				GCC_OPTIMIZATION_LEVEL = 0;
				GCC_PREPROCESSOR_DEFINITIONS = (
					"DEBUG=1",
					"$(inherited)",
				);
				GCC_WARN_64_TO_32_BIT_CONVERSION = YES;
				GCC_WARN_ABOUT_RETURN_TYPE = YES_ERROR;
				GCC_WARN_UNDECLARED_SELECTOR = YES;
				GCC_WARN_UNINITIALIZED_AUTOS = YES_AGGRESSIVE;
				GCC_WARN_UNUSED_FUNCTION = YES;
				GCC_WARN_UNUSED_VARIABLE = YES;
				IPHONEOS_DEPLOYMENT_TARGET = 10.3;
				MTL_ENABLE_DEBUG_INFO = YES;
				ONLY_ACTIVE_ARCH = YES;
				SDKROOT = iphoneos;
				SWIFT_ACTIVE_COMPILATION_CONDITIONS = DEBUG;
				SWIFT_OPTIMIZATION_LEVEL = "-Onone";
				TARGETED_DEVICE_FAMILY = "1,2";
			};
			name = Debug;
		};
		A1470F441EAF20C600DE373A /* Release */ = {
			isa = XCBuildConfiguration;
			buildSettings = {
				ALWAYS_SEARCH_USER_PATHS = NO;
				CLANG_ANALYZER_NONNULL = YES;
				CLANG_ANALYZER_NUMBER_OBJECT_CONVERSION = YES_AGGRESSIVE;
				CLANG_CXX_LANGUAGE_STANDARD = "gnu++0x";
				CLANG_CXX_LIBRARY = "libc++";
				CLANG_ENABLE_MODULES = YES;
				CLANG_ENABLE_OBJC_ARC = YES;
				CLANG_WARN_BOOL_CONVERSION = YES;
				CLANG_WARN_CONSTANT_CONVERSION = YES;
				CLANG_WARN_DIRECT_OBJC_ISA_USAGE = YES_ERROR;
				CLANG_WARN_DOCUMENTATION_COMMENTS = YES;
				CLANG_WARN_EMPTY_BODY = YES;
				CLANG_WARN_ENUM_CONVERSION = YES;
				CLANG_WARN_INFINITE_RECURSION = YES;
				CLANG_WARN_INT_CONVERSION = YES;
				CLANG_WARN_OBJC_ROOT_CLASS = YES_ERROR;
				CLANG_WARN_SUSPICIOUS_MOVE = YES;
				CLANG_WARN_UNREACHABLE_CODE = YES;
				CLANG_WARN__DUPLICATE_METHOD_MATCH = YES;
				"CODE_SIGN_IDENTITY[sdk=iphoneos*]" = "iPhone Developer";
				COPY_PHASE_STRIP = NO;
				DEBUG_INFORMATION_FORMAT = "dwarf-with-dsym";
				ENABLE_NS_ASSERTIONS = NO;
				ENABLE_STRICT_OBJC_MSGSEND = YES;
				GCC_C_LANGUAGE_STANDARD = gnu99;
				GCC_NO_COMMON_BLOCKS = YES;
				GCC_WARN_64_TO_32_BIT_CONVERSION = YES;
				GCC_WARN_ABOUT_RETURN_TYPE = YES_ERROR;
				GCC_WARN_UNDECLARED_SELECTOR = YES;
				GCC_WARN_UNINITIALIZED_AUTOS = YES_AGGRESSIVE;
				GCC_WARN_UNUSED_FUNCTION = YES;
				GCC_WARN_UNUSED_VARIABLE = YES;
				IPHONEOS_DEPLOYMENT_TARGET = 10.3;
				MTL_ENABLE_DEBUG_INFO = NO;
				SDKROOT = iphoneos;
				SWIFT_OPTIMIZATION_LEVEL = "-Owholemodule";
				TARGETED_DEVICE_FAMILY = "1,2";
				VALIDATE_PRODUCT = YES;
			};
			name = Release;
		};
		A1470F461EAF20C600DE373A /* Debug */ = {
			isa = XCBuildConfiguration;
			baseConfigurationReference = 96B49B93AA647D8D6A2EED1E /* Pods-iOS-PartyPlanner.debug.xcconfig */;
			buildSettings = {
				ASSETCATALOG_COMPILER_APPICON_NAME = AppIcon;
				CLANG_ENABLE_MODULES = YES;
				CODE_SIGN_ENTITLEMENTS = "iOS-PartyPlanner/iOS-PartyPlanner.entitlements";
				DEVELOPMENT_TEAM = 5NFEH37HHC;
				INFOPLIST_FILE = "iOS-PartyPlanner/Info.plist";
				IPHONEOS_DEPLOYMENT_TARGET = 10.2;
				LD_RUNPATH_SEARCH_PATHS = "$(inherited) @executable_path/Frameworks";
				PRODUCT_BUNDLE_IDENTIFIER = "com.partydevs.iOS-PartyPlanner";
				PRODUCT_NAME = "$(TARGET_NAME)";
				SWIFT_OBJC_BRIDGING_HEADER = "iOS-PartyPlanner/iOS-PartyPlanner-Bridging-Header.h";
				SWIFT_OPTIMIZATION_LEVEL = "-Onone";
				SWIFT_VERSION = 3.0;
			};
			name = Debug;
		};
		A1470F471EAF20C600DE373A /* Release */ = {
			isa = XCBuildConfiguration;
			baseConfigurationReference = 90C13D833579335699BC48A0 /* Pods-iOS-PartyPlanner.release.xcconfig */;
			buildSettings = {
				ASSETCATALOG_COMPILER_APPICON_NAME = AppIcon;
				CLANG_ENABLE_MODULES = YES;
				CODE_SIGN_ENTITLEMENTS = "iOS-PartyPlanner/iOS-PartyPlanner.entitlements";
				DEVELOPMENT_TEAM = 5NFEH37HHC;
				INFOPLIST_FILE = "iOS-PartyPlanner/Info.plist";
				IPHONEOS_DEPLOYMENT_TARGET = 10.2;
				LD_RUNPATH_SEARCH_PATHS = "$(inherited) @executable_path/Frameworks";
				PRODUCT_BUNDLE_IDENTIFIER = "com.partydevs.iOS-PartyPlanner";
				PRODUCT_NAME = "$(TARGET_NAME)";
				SWIFT_OBJC_BRIDGING_HEADER = "iOS-PartyPlanner/iOS-PartyPlanner-Bridging-Header.h";
				SWIFT_VERSION = 3.0;
			};
			name = Release;
		};
/* End XCBuildConfiguration section */

/* Begin XCConfigurationList section */
		A1470F2E1EAF20C600DE373A /* Build configuration list for PBXProject "iOS-PartyPlanner" */ = {
			isa = XCConfigurationList;
			buildConfigurations = (
				A1470F431EAF20C600DE373A /* Debug */,
				A1470F441EAF20C600DE373A /* Release */,
			);
			defaultConfigurationIsVisible = 0;
			defaultConfigurationName = Release;
		};
		A1470F451EAF20C600DE373A /* Build configuration list for PBXNativeTarget "iOS-PartyPlanner" */ = {
			isa = XCConfigurationList;
			buildConfigurations = (
				A1470F461EAF20C600DE373A /* Debug */,
				A1470F471EAF20C600DE373A /* Release */,
			);
			defaultConfigurationIsVisible = 0;
			defaultConfigurationName = Release;
		};
/* End XCConfigurationList section */
	};
	rootObject = A1470F2B1EAF20C600DE373A /* Project object */;
}
